// !$*UTF8*$!
{
	archiveVersion = 1;
	classes = {
	};
	objectVersion = 47;
	objects = {

/* Begin PBXBuildFile section */
		B620FED31BBFAB7900528177 /* SettingViewController.m in Sources */ = {isa = PBXBuildFile; fileRef = B620FED11BBFAB7900528177 /* SettingViewController.m */; settings = {ASSET_TAGS = (); }; };
		B620FED41BBFAB7900528177 /* SettingViewController.xib in Resources */ = {isa = PBXBuildFile; fileRef = B620FED21BBFAB7900528177 /* SettingViewController.xib */; settings = {ASSET_TAGS = (); }; };
		B6492B621BC3641900122010 /* reminderNavigationBar.m in Sources */ = {isa = PBXBuildFile; fileRef = B6492B611BC3641900122010 /* reminderNavigationBar.m */; settings = {ASSET_TAGS = (); }; };
		B64A205A1BC2A0C000EBCD7D /* save.png in Resources */ = {isa = PBXBuildFile; fileRef = B64A20591BC2A0C000EBCD7D /* save.png */; settings = {ASSET_TAGS = (); }; };
		B64A20F51BC2A7AD00EBCD7D /* UIView+PBExtend.m in Sources */ = {isa = PBXBuildFile; fileRef = B64A20611BC2A7AD00EBCD7D /* UIView+PBExtend.m */; settings = {ASSET_TAGS = (); }; };
		B64A20F61BC2A7AD00EBCD7D /* PBConst.m in Sources */ = {isa = PBXBuildFile; fileRef = B64A20641BC2A7AD00EBCD7D /* PBConst.m */; settings = {ASSET_TAGS = (); }; };
		B64A20F71BC2A7AD00EBCD7D /* PhotoBroswerLayout.m in Sources */ = {isa = PBXBuildFile; fileRef = B64A20671BC2A7AD00EBCD7D /* PhotoBroswerLayout.m */; settings = {ASSET_TAGS = (); }; };
		B64A20F81BC2A7AD00EBCD7D /* PhotoModel.m in Sources */ = {isa = PBXBuildFile; fileRef = B64A206A1BC2A7AD00EBCD7D /* PhotoModel.m */; settings = {ASSET_TAGS = (); }; };
		B64A20F91BC2A7AD00EBCD7D /* PB.bundle in Resources */ = {isa = PBXBuildFile; fileRef = B64A206C1BC2A7AD00EBCD7D /* PB.bundle */; settings = {ASSET_TAGS = (); }; };
		B64A20FA1BC2A7AD00EBCD7D /* PBBlurImageView.m in Sources */ = {isa = PBXBuildFile; fileRef = B64A20711BC2A7AD00EBCD7D /* PBBlurImageView.m */; settings = {ASSET_TAGS = (); }; };
		B64A20FB1BC2A7AD00EBCD7D /* PBPGView.m in Sources */ = {isa = PBXBuildFile; fileRef = B64A20731BC2A7AD00EBCD7D /* PBPGView.m */; settings = {ASSET_TAGS = (); }; };
		B64A20FC1BC2A7AD00EBCD7D /* PBSaveBtn.m in Sources */ = {isa = PBXBuildFile; fileRef = B64A20751BC2A7AD00EBCD7D /* PBSaveBtn.m */; settings = {ASSET_TAGS = (); }; };
		B64A20FD1BC2A7AD00EBCD7D /* PBScrollView.m in Sources */ = {isa = PBXBuildFile; fileRef = B64A20771BC2A7AD00EBCD7D /* PBScrollView.m */; settings = {ASSET_TAGS = (); }; };
		B64A20FE1BC2A7AD00EBCD7D /* PhotoImageView.m in Sources */ = {isa = PBXBuildFile; fileRef = B64A20791BC2A7AD00EBCD7D /* PhotoImageView.m */; settings = {ASSET_TAGS = (); }; };
		B64A20FF1BC2A7AD00EBCD7D /* PhotoItemView.m in Sources */ = {isa = PBXBuildFile; fileRef = B64A207B1BC2A7AD00EBCD7D /* PhotoItemView.m */; settings = {ASSET_TAGS = (); }; };
		B64A21001BC2A7AD00EBCD7D /* PhotoItemView.xib in Resources */ = {isa = PBXBuildFile; fileRef = B64A207C1BC2A7AD00EBCD7D /* PhotoItemView.xib */; settings = {ASSET_TAGS = (); }; };
		B64A21011BC2A7AD00EBCD7D /* PhotoBroswerVC.m in Sources */ = {isa = PBXBuildFile; fileRef = B64A207E1BC2A7AD00EBCD7D /* PhotoBroswerVC.m */; settings = {ASSET_TAGS = (); }; };
		B64A21021BC2A7AD00EBCD7D /* PhotoBroswerVC.xib in Resources */ = {isa = PBXBuildFile; fileRef = B64A207F1BC2A7AD00EBCD7D /* PhotoBroswerVC.xib */; settings = {ASSET_TAGS = (); }; };
		B64A21031BC2A7AD00EBCD7D /* NSString+File.m in Sources */ = {isa = PBXBuildFile; fileRef = B64A20841BC2A7AD00EBCD7D /* NSString+File.m */; settings = {ASSET_TAGS = (); }; };
		B64A21041BC2A7AD00EBCD7D /* CoreArchive.m in Sources */ = {isa = PBXBuildFile; fileRef = B64A20861BC2A7AD00EBCD7D /* CoreArchive.m */; settings = {ASSET_TAGS = (); }; };
		B64A21051BC2A7AD00EBCD7D /* CALayer+Anim.m in Sources */ = {isa = PBXBuildFile; fileRef = B64A208A1BC2A7AD00EBCD7D /* CALayer+Anim.m */; settings = {ASSET_TAGS = (); }; };
		B64A21061BC2A7AD00EBCD7D /* CALayer+Transition.m in Sources */ = {isa = PBXBuildFile; fileRef = B64A208C1BC2A7AD00EBCD7D /* CALayer+Transition.m */; settings = {ASSET_TAGS = (); }; };
		B64A21071BC2A7AD00EBCD7D /* NSArray+Extend.m in Sources */ = {isa = PBXBuildFile; fileRef = B64A208F1BC2A7AD00EBCD7D /* NSArray+Extend.m */; settings = {ASSET_TAGS = (); }; };
		B64A21081BC2A7AD00EBCD7D /* NSDate+Extend.m in Sources */ = {isa = PBXBuildFile; fileRef = B64A20921BC2A7AD00EBCD7D /* NSDate+Extend.m */; settings = {ASSET_TAGS = (); }; };
		B64A21091BC2A7AD00EBCD7D /* NSObject+Extend.m in Sources */ = {isa = PBXBuildFile; fileRef = B64A20951BC2A7AD00EBCD7D /* NSObject+Extend.m */; settings = {ASSET_TAGS = (); }; };
		B64A210A1BC2A7AD00EBCD7D /* NSString+Extend.m in Sources */ = {isa = PBXBuildFile; fileRef = B64A20981BC2A7AD00EBCD7D /* NSString+Extend.m */; settings = {ASSET_TAGS = (); }; };
		B64A210B1BC2A7AD00EBCD7D /* NSString+Password.m in Sources */ = {isa = PBXBuildFile; fileRef = B64A209A1BC2A7AD00EBCD7D /* NSString+Password.m */; settings = {ASSET_TAGS = (); }; };
		B64A210C1BC2A7AD00EBCD7D /* UIColor+Extend.m in Sources */ = {isa = PBXBuildFile; fileRef = B64A209D1BC2A7AD00EBCD7D /* UIColor+Extend.m */; settings = {ASSET_TAGS = (); }; };
		B64A210D1BC2A7AD00EBCD7D /* UIDevice+Extend.m in Sources */ = {isa = PBXBuildFile; fileRef = B64A20A01BC2A7AD00EBCD7D /* UIDevice+Extend.m */; settings = {ASSET_TAGS = (); }; };
		B64A210E1BC2A7AD00EBCD7D /* UIFont+Extend.m in Sources */ = {isa = PBXBuildFile; fileRef = B64A20A31BC2A7AD00EBCD7D /* UIFont+Extend.m */; settings = {ASSET_TAGS = (); }; };
		B64A210F1BC2A7AD00EBCD7D /* UIImage+Color.m in Sources */ = {isa = PBXBuildFile; fileRef = B64A20A61BC2A7AD00EBCD7D /* UIImage+Color.m */; settings = {ASSET_TAGS = (); }; };
		B64A21101BC2A7AD00EBCD7D /* UIImage+Cut.m in Sources */ = {isa = PBXBuildFile; fileRef = B64A20A81BC2A7AD00EBCD7D /* UIImage+Cut.m */; settings = {ASSET_TAGS = (); }; };
		B64A21111BC2A7AD00EBCD7D /* UIImage+Extend.m in Sources */ = {isa = PBXBuildFile; fileRef = B64A20AA1BC2A7AD00EBCD7D /* UIImage+Extend.m */; settings = {ASSET_TAGS = (); }; };
		B64A21121BC2A7AD00EBCD7D /* UIImage+FixOrientation.m in Sources */ = {isa = PBXBuildFile; fileRef = B64A20AC1BC2A7AD00EBCD7D /* UIImage+FixOrientation.m */; settings = {ASSET_TAGS = (); }; };
		B64A21131BC2A7AD00EBCD7D /* UIImage+Water.m in Sources */ = {isa = PBXBuildFile; fileRef = B64A20AE1BC2A7AD00EBCD7D /* UIImage+Water.m */; settings = {ASSET_TAGS = (); }; };
		B64A21141BC2A7AD00EBCD7D /* UITableViewCell+Extend.m in Sources */ = {isa = PBXBuildFile; fileRef = B64A20B11BC2A7AD00EBCD7D /* UITableViewCell+Extend.m */; settings = {ASSET_TAGS = (); }; };
		B64A21151BC2A7AD00EBCD7D /* UIView+Extend.m in Sources */ = {isa = PBXBuildFile; fileRef = B64A20B41BC2A7AD00EBCD7D /* UIView+Extend.m */; settings = {ASSET_TAGS = (); }; };
		B64A21161BC2A7AD00EBCD7D /* UIWindow+Launch.m in Sources */ = {isa = PBXBuildFile; fileRef = B64A20B71BC2A7AD00EBCD7D /* UIWindow+Launch.m */; settings = {ASSET_TAGS = (); }; };
		B64A21171BC2A7AD00EBCD7D /* UIImage+ReMake.m in Sources */ = {isa = PBXBuildFile; fileRef = B64A20BE1BC2A7AD00EBCD7D /* UIImage+ReMake.m */; settings = {ASSET_TAGS = (); }; };
		B64A21181BC2A7AD00EBCD7D /* CoreSDWebImage.bundle in Resources */ = {isa = PBXBuildFile; fileRef = B64A20C01BC2A7AD00EBCD7D /* CoreSDWebImage.bundle */; settings = {ASSET_TAGS = (); }; };
		B64A21191BC2A7AD00EBCD7D /* MKAnnotationView+WebCache.m in Sources */ = {isa = PBXBuildFile; fileRef = B64A20C31BC2A7AD00EBCD7D /* MKAnnotationView+WebCache.m */; settings = {ASSET_TAGS = (); }; };
		B64A211A1BC2A7AD00EBCD7D /* NSData+ImageContentType.m in Sources */ = {isa = PBXBuildFile; fileRef = B64A20C51BC2A7AD00EBCD7D /* NSData+ImageContentType.m */; settings = {ASSET_TAGS = (); }; };
		B64A211B1BC2A7AD00EBCD7D /* SDImageCache.m in Sources */ = {isa = PBXBuildFile; fileRef = B64A20C71BC2A7AD00EBCD7D /* SDImageCache.m */; settings = {ASSET_TAGS = (); }; };
		B64A211C1BC2A7AD00EBCD7D /* SDWebImageCompat.m in Sources */ = {isa = PBXBuildFile; fileRef = B64A20C91BC2A7AD00EBCD7D /* SDWebImageCompat.m */; settings = {ASSET_TAGS = (); }; };
		B64A211D1BC2A7AD00EBCD7D /* SDWebImageDecoder.m in Sources */ = {isa = PBXBuildFile; fileRef = B64A20CB1BC2A7AD00EBCD7D /* SDWebImageDecoder.m */; settings = {ASSET_TAGS = (); }; };
		B64A211E1BC2A7AD00EBCD7D /* SDWebImageDownloader.m in Sources */ = {isa = PBXBuildFile; fileRef = B64A20CD1BC2A7AD00EBCD7D /* SDWebImageDownloader.m */; settings = {ASSET_TAGS = (); }; };
		B64A211F1BC2A7AD00EBCD7D /* SDWebImageDownloaderOperation.m in Sources */ = {isa = PBXBuildFile; fileRef = B64A20CF1BC2A7AD00EBCD7D /* SDWebImageDownloaderOperation.m */; settings = {ASSET_TAGS = (); }; };
		B64A21201BC2A7AD00EBCD7D /* SDWebImageManager.m in Sources */ = {isa = PBXBuildFile; fileRef = B64A20D11BC2A7AD00EBCD7D /* SDWebImageManager.m */; settings = {ASSET_TAGS = (); }; };
		B64A21211BC2A7AD00EBCD7D /* SDWebImagePrefetcher.m in Sources */ = {isa = PBXBuildFile; fileRef = B64A20D41BC2A7AD00EBCD7D /* SDWebImagePrefetcher.m */; settings = {ASSET_TAGS = (); }; };
		B64A21221BC2A7AD00EBCD7D /* UIButton+WebCache.m in Sources */ = {isa = PBXBuildFile; fileRef = B64A20D61BC2A7AD00EBCD7D /* UIButton+WebCache.m */; settings = {ASSET_TAGS = (); }; };
		B64A21231BC2A7AD00EBCD7D /* UIImage+GIF.m in Sources */ = {isa = PBXBuildFile; fileRef = B64A20D81BC2A7AD00EBCD7D /* UIImage+GIF.m */; settings = {ASSET_TAGS = (); }; };
		B64A21241BC2A7AD00EBCD7D /* UIImage+MultiFormat.m in Sources */ = {isa = PBXBuildFile; fileRef = B64A20DA1BC2A7AD00EBCD7D /* UIImage+MultiFormat.m */; settings = {ASSET_TAGS = (); }; };
		B64A21251BC2A7AD00EBCD7D /* UIImage+WebP.m in Sources */ = {isa = PBXBuildFile; fileRef = B64A20DC1BC2A7AD00EBCD7D /* UIImage+WebP.m */; settings = {ASSET_TAGS = (); }; };
		B64A21261BC2A7AD00EBCD7D /* UIImageView+HighlightedWebCache.m in Sources */ = {isa = PBXBuildFile; fileRef = B64A20DE1BC2A7AD00EBCD7D /* UIImageView+HighlightedWebCache.m */; settings = {ASSET_TAGS = (); }; };
		B64A21271BC2A7AD00EBCD7D /* UIImageView+WebCache.m in Sources */ = {isa = PBXBuildFile; fileRef = B64A20E01BC2A7AD00EBCD7D /* UIImageView+WebCache.m */; settings = {ASSET_TAGS = (); }; };
		B64A21281BC2A7AD00EBCD7D /* UIView+WebCacheOperation.m in Sources */ = {isa = PBXBuildFile; fileRef = B64A20E21BC2A7AD00EBCD7D /* UIView+WebCacheOperation.m */; settings = {ASSET_TAGS = (); }; };
		B64A21291BC2A7AD00EBCD7D /* UIButton+SD.m in Sources */ = {isa = PBXBuildFile; fileRef = B64A20E41BC2A7AD00EBCD7D /* UIButton+SD.m */; settings = {ASSET_TAGS = (); }; };
		B64A212A1BC2A7AD00EBCD7D /* UIImageView+SD.m in Sources */ = {isa = PBXBuildFile; fileRef = B64A20E61BC2A7AD00EBCD7D /* UIImageView+SD.m */; settings = {ASSET_TAGS = (); }; };
		B64A212B1BC2A7AD00EBCD7D /* CoreSVP.bundle in Resources */ = {isa = PBXBuildFile; fileRef = B64A20E81BC2A7AD00EBCD7D /* CoreSVP.bundle */; settings = {ASSET_TAGS = (); }; };
		B64A212C1BC2A7AD00EBCD7D /* CoreSVP.m in Sources */ = {isa = PBXBuildFile; fileRef = B64A20EA1BC2A7AD00EBCD7D /* CoreSVP.m */; settings = {ASSET_TAGS = (); }; };
		B64A212D1BC2A7AD00EBCD7D /* SVIndefiniteAnimatedView.m in Sources */ = {isa = PBXBuildFile; fileRef = B64A20ED1BC2A7AD00EBCD7D /* SVIndefiniteAnimatedView.m */; settings = {ASSET_TAGS = (); }; };
		B64A212E1BC2A7AD00EBCD7D /* SVProgressHUD.bundle in Resources */ = {isa = PBXBuildFile; fileRef = B64A20EF1BC2A7AD00EBCD7D /* SVProgressHUD.bundle */; settings = {ASSET_TAGS = (); }; };
		B64A212F1BC2A7AD00EBCD7D /* SVProgressHUD.m in Sources */ = {isa = PBXBuildFile; fileRef = B64A20F11BC2A7AD00EBCD7D /* SVProgressHUD.m */; settings = {ASSET_TAGS = (); }; };
		B64A21301BC2A7AD00EBCD7D /* LFRoundProgressView.m in Sources */ = {isa = PBXBuildFile; fileRef = B64A20F41BC2A7AD00EBCD7D /* LFRoundProgressView.m */; settings = {ASSET_TAGS = (); }; };
		B66C13BB1BBFCD73007DE660 /* icon@2x.png in Resources */ = {isa = PBXBuildFile; fileRef = B66C13B91BBFCD73007DE660 /* icon@2x.png */; settings = {ASSET_TAGS = (); }; };
		B66C13BE1BBFCDA4007DE660 /* icon@3x.png in Resources */ = {isa = PBXBuildFile; fileRef = B66C13BD1BBFCDA4007DE660 /* icon@3x.png */; settings = {ASSET_TAGS = (); }; };
		B66C13C01BBFCDCB007DE660 /* Images.xcassets in Resources */ = {isa = PBXBuildFile; fileRef = B66C13BF1BBFCDCB007DE660 /* Images.xcassets */; settings = {ASSET_TAGS = (); }; };
		B66CB40B1BC236E30012AF18 /* right.png in Resources */ = {isa = PBXBuildFile; fileRef = B66CB4081BC236E30012AF18 /* right.png */; settings = {ASSET_TAGS = (); }; };
		B66CB40C1BC236E30012AF18 /* right@2x.png in Resources */ = {isa = PBXBuildFile; fileRef = B66CB4091BC236E30012AF18 /* right@2x.png */; settings = {ASSET_TAGS = (); }; };
		B66CB40D1BC236E30012AF18 /* right@3x.png in Resources */ = {isa = PBXBuildFile; fileRef = B66CB40A1BC236E30012AF18 /* right@3x.png */; settings = {ASSET_TAGS = (); }; };
		B66CB4131BC23DC60012AF18 /* MainViewController.m in Sources */ = {isa = PBXBuildFile; fileRef = B66CB4111BC23DC60012AF18 /* MainViewController.m */; settings = {ASSET_TAGS = (); }; };
		B66CB4391BC2441D0012AF18 /* MainViewController.xib in Resources */ = {isa = PBXBuildFile; fileRef = B66CB4381BC2441D0012AF18 /* MainViewController.xib */; settings = {ASSET_TAGS = (); }; };
		B67438521BBD6B250005DD56 /* main.m in Sources */ = {isa = PBXBuildFile; fileRef = B67438511BBD6B250005DD56 /* main.m */; };
		B67438551BBD6B250005DD56 /* AppDelegate.m in Sources */ = {isa = PBXBuildFile; fileRef = B67438541BBD6B250005DD56 /* AppDelegate.m */; };
		B67438711BBD6E5E0005DD56 /* ReminderManager.m in Sources */ = {isa = PBXBuildFile; fileRef = B67438701BBD6E5E0005DD56 /* ReminderManager.m */; settings = {ASSET_TAGS = (); }; };
		B67438771BBD6F2C0005DD56 /* EventItem.m in Sources */ = {isa = PBXBuildFile; fileRef = B67438761BBD6F2C0005DD56 /* EventItem.m */; settings = {ASSET_TAGS = (); }; };
		B674387B1BBD7F920005DD56 /* EditViewController.m in Sources */ = {isa = PBXBuildFile; fileRef = B67438791BBD7F920005DD56 /* EditViewController.m */; settings = {ASSET_TAGS = (); }; };
		B674387C1BBD7F920005DD56 /* EditViewController.xib in Resources */ = {isa = PBXBuildFile; fileRef = B674387A1BBD7F920005DD56 /* EditViewController.xib */; settings = {ASSET_TAGS = (); }; };
		B67F4E041BC529E4003A8014 /* ReminderTableViewCell.m in Sources */ = {isa = PBXBuildFile; fileRef = B67F4E031BC529E4003A8014 /* ReminderTableViewCell.m */; settings = {ASSET_TAGS = (); }; };
		B690EF811BC29327007F2A68 /* ReminderViewController.xib in Resources */ = {isa = PBXBuildFile; fileRef = B690EF801BC29327007F2A68 /* ReminderViewController.xib */; settings = {ASSET_TAGS = (); }; };
		B6B13A4E1BBE1CE4004BBE32 /* Default-568h@2x.png in Resources */ = {isa = PBXBuildFile; fileRef = B6B13A4D1BBE1CE4004BBE32 /* Default-568h@2x.png */; settings = {ASSET_TAGS = (); }; };
		B6DF03B61BBE4ACB00D8C9EF /* ReminderViewController.m in Sources */ = {isa = PBXBuildFile; fileRef = B6DF03B41BBE4ACB00D8C9EF /* ReminderViewController.m */; settings = {ASSET_TAGS = (); }; };
		B6EA42221BC2167500E1DAF5 /* add_video.png in Resources */ = {isa = PBXBuildFile; fileRef = B6EA42041BC2167500E1DAF5 /* add_video.png */; settings = {ASSET_TAGS = (); }; };
		B6EA42231BC2167500E1DAF5 /* add_video@2x.png in Resources */ = {isa = PBXBuildFile; fileRef = B6EA42051BC2167500E1DAF5 /* add_video@2x.png */; settings = {ASSET_TAGS = (); }; };
		B6EA42241BC2167500E1DAF5 /* add_video@3x.png in Resources */ = {isa = PBXBuildFile; fileRef = B6EA42061BC2167500E1DAF5 /* add_video@3x.png */; settings = {ASSET_TAGS = (); }; };
		B6EA42251BC2167500E1DAF5 /* back2.png in Resources */ = {isa = PBXBuildFile; fileRef = B6EA42071BC2167500E1DAF5 /* back2.png */; settings = {ASSET_TAGS = (); }; };
		B6EA42261BC2167500E1DAF5 /* back2@2x.png in Resources */ = {isa = PBXBuildFile; fileRef = B6EA42081BC2167500E1DAF5 /* back2@2x.png */; settings = {ASSET_TAGS = (); }; };
		B6EA42271BC2167500E1DAF5 /* back2@3x.png in Resources */ = {isa = PBXBuildFile; fileRef = B6EA42091BC2167500E1DAF5 /* back2@3x.png */; settings = {ASSET_TAGS = (); }; };
		B6EA42281BC2167500E1DAF5 /* common_close.png in Resources */ = {isa = PBXBuildFile; fileRef = B6EA420A1BC2167500E1DAF5 /* common_close.png */; settings = {ASSET_TAGS = (); }; };
		B6EA42291BC2167500E1DAF5 /* common_close@2x.png in Resources */ = {isa = PBXBuildFile; fileRef = B6EA420B1BC2167500E1DAF5 /* common_close@2x.png */; settings = {ASSET_TAGS = (); }; };
		B6EA422A1BC2167500E1DAF5 /* common_close@3x.png in Resources */ = {isa = PBXBuildFile; fileRef = B6EA420C1BC2167500E1DAF5 /* common_close@3x.png */; settings = {ASSET_TAGS = (); }; };
		B6EA422B1BC2167500E1DAF5 /* list_delete.png in Resources */ = {isa = PBXBuildFile; fileRef = B6EA420D1BC2167500E1DAF5 /* list_delete.png */; settings = {ASSET_TAGS = (); }; };
		B6EA422C1BC2167500E1DAF5 /* list_delete@2x.png in Resources */ = {isa = PBXBuildFile; fileRef = B6EA420E1BC2167500E1DAF5 /* list_delete@2x.png */; settings = {ASSET_TAGS = (); }; };
		B6EA422D1BC2167500E1DAF5 /* list_delete@3x.png in Resources */ = {isa = PBXBuildFile; fileRef = B6EA420F1BC2167500E1DAF5 /* list_delete@3x.png */; settings = {ASSET_TAGS = (); }; };
		B6EA422E1BC2167500E1DAF5 /* list_edit.png in Resources */ = {isa = PBXBuildFile; fileRef = B6EA42101BC2167500E1DAF5 /* list_edit.png */; settings = {ASSET_TAGS = (); }; };
		B6EA422F1BC2167500E1DAF5 /* list_edit@2x.png in Resources */ = {isa = PBXBuildFile; fileRef = B6EA42111BC2167500E1DAF5 /* list_edit@2x.png */; settings = {ASSET_TAGS = (); }; };
		B6EA42301BC2167500E1DAF5 /* list_edit@3x.png in Resources */ = {isa = PBXBuildFile; fileRef = B6EA42121BC2167500E1DAF5 /* list_edit@3x.png */; settings = {ASSET_TAGS = (); }; };
		B6EA42311BC2167500E1DAF5 /* list_list.png in Resources */ = {isa = PBXBuildFile; fileRef = B6EA42131BC2167500E1DAF5 /* list_list.png */; settings = {ASSET_TAGS = (); }; };
		B6EA42321BC2167500E1DAF5 /* list_list@2x.png in Resources */ = {isa = PBXBuildFile; fileRef = B6EA42141BC2167500E1DAF5 /* list_list@2x.png */; settings = {ASSET_TAGS = (); }; };
		B6EA42331BC2167500E1DAF5 /* list_list@3x.png in Resources */ = {isa = PBXBuildFile; fileRef = B6EA42151BC2167500E1DAF5 /* list_list@3x.png */; settings = {ASSET_TAGS = (); }; };
		B6EA42341BC2167500E1DAF5 /* list_more.png in Resources */ = {isa = PBXBuildFile; fileRef = B6EA42161BC2167500E1DAF5 /* list_more.png */; settings = {ASSET_TAGS = (); }; };
		B6EA42351BC2167500E1DAF5 /* list_more@2x.png in Resources */ = {isa = PBXBuildFile; fileRef = B6EA42171BC2167500E1DAF5 /* list_more@2x.png */; settings = {ASSET_TAGS = (); }; };
		B6EA42361BC2167500E1DAF5 /* list_more@3x.png in Resources */ = {isa = PBXBuildFile; fileRef = B6EA42181BC2167500E1DAF5 /* list_more@3x.png */; settings = {ASSET_TAGS = (); }; };
		B6EA42371BC2167500E1DAF5 /* list_setting.png in Resources */ = {isa = PBXBuildFile; fileRef = B6EA42191BC2167500E1DAF5 /* list_setting.png */; settings = {ASSET_TAGS = (); }; };
		B6EA42381BC2167500E1DAF5 /* list_setting@2x.png in Resources */ = {isa = PBXBuildFile; fileRef = B6EA421A1BC2167500E1DAF5 /* list_setting@2x.png */; settings = {ASSET_TAGS = (); }; };
		B6EA42391BC2167500E1DAF5 /* list_setting@3x.png in Resources */ = {isa = PBXBuildFile; fileRef = B6EA421B1BC2167500E1DAF5 /* list_setting@3x.png */; settings = {ASSET_TAGS = (); }; };
		B6EA423A1BC2167500E1DAF5 /* record_photo.png in Resources */ = {isa = PBXBuildFile; fileRef = B6EA421C1BC2167500E1DAF5 /* record_photo.png */; settings = {ASSET_TAGS = (); }; };
		B6EA423B1BC2167500E1DAF5 /* record_photo@2x.png in Resources */ = {isa = PBXBuildFile; fileRef = B6EA421D1BC2167500E1DAF5 /* record_photo@2x.png */; settings = {ASSET_TAGS = (); }; };
		B6EA423C1BC2167500E1DAF5 /* record_photo@3x.png in Resources */ = {isa = PBXBuildFile; fileRef = B6EA421E1BC2167500E1DAF5 /* record_photo@3x.png */; settings = {ASSET_TAGS = (); }; };
		B6EA423D1BC2167500E1DAF5 /* red_delete.png in Resources */ = {isa = PBXBuildFile; fileRef = B6EA421F1BC2167500E1DAF5 /* red_delete.png */; settings = {ASSET_TAGS = (); }; };
		B6EA423E1BC2167500E1DAF5 /* red_delete@2x.png in Resources */ = {isa = PBXBuildFile; fileRef = B6EA42201BC2167500E1DAF5 /* red_delete@2x.png */; settings = {ASSET_TAGS = (); }; };
		B6EA423F1BC2167500E1DAF5 /* red_delete@3x.png in Resources */ = {isa = PBXBuildFile; fileRef = B6EA42211BC2167500E1DAF5 /* red_delete@3x.png */; settings = {ASSET_TAGS = (); }; };
/* End PBXBuildFile section */

/* Begin PBXFileReference section */
		B620FED01BBFAB7900528177 /* SettingViewController.h */ = {isa = PBXFileReference; fileEncoding = 4; lastKnownFileType = sourcecode.c.h; path = SettingViewController.h; sourceTree = "<group>"; };
		B620FED11BBFAB7900528177 /* SettingViewController.m */ = {isa = PBXFileReference; fileEncoding = 4; lastKnownFileType = sourcecode.c.objc; path = SettingViewController.m; sourceTree = "<group>"; };
		B620FED21BBFAB7900528177 /* SettingViewController.xib */ = {isa = PBXFileReference; fileEncoding = 4; lastKnownFileType = file.xib; path = SettingViewController.xib; sourceTree = "<group>"; };
		B6492B601BC3641900122010 /* reminderNavigationBar.h */ = {isa = PBXFileReference; fileEncoding = 4; lastKnownFileType = sourcecode.c.h; path = reminderNavigationBar.h; sourceTree = "<group>"; };
		B6492B611BC3641900122010 /* reminderNavigationBar.m */ = {isa = PBXFileReference; fileEncoding = 4; lastKnownFileType = sourcecode.c.objc; path = reminderNavigationBar.m; sourceTree = "<group>"; };
		B64A20591BC2A0C000EBCD7D /* save.png */ = {isa = PBXFileReference; lastKnownFileType = image.png; path = save.png; sourceTree = "<group>"; };
		B64A20601BC2A7AD00EBCD7D /* UIView+PBExtend.h */ = {isa = PBXFileReference; fileEncoding = 4; lastKnownFileType = sourcecode.c.h; path = "UIView+PBExtend.h"; sourceTree = "<group>"; };
		B64A20611BC2A7AD00EBCD7D /* UIView+PBExtend.m */ = {isa = PBXFileReference; fileEncoding = 4; lastKnownFileType = sourcecode.c.objc; path = "UIView+PBExtend.m"; sourceTree = "<group>"; };
		B64A20631BC2A7AD00EBCD7D /* PBConst.h */ = {isa = PBXFileReference; fileEncoding = 4; lastKnownFileType = sourcecode.c.h; path = PBConst.h; sourceTree = "<group>"; };
		B64A20641BC2A7AD00EBCD7D /* PBConst.m */ = {isa = PBXFileReference; fileEncoding = 4; lastKnownFileType = sourcecode.c.objc; path = PBConst.m; sourceTree = "<group>"; };
		B64A20661BC2A7AD00EBCD7D /* PhotoBroswerLayout.h */ = {isa = PBXFileReference; fileEncoding = 4; lastKnownFileType = sourcecode.c.h; path = PhotoBroswerLayout.h; sourceTree = "<group>"; };
		B64A20671BC2A7AD00EBCD7D /* PhotoBroswerLayout.m */ = {isa = PBXFileReference; fileEncoding = 4; lastKnownFileType = sourcecode.c.objc; path = PhotoBroswerLayout.m; sourceTree = "<group>"; };
		B64A20691BC2A7AD00EBCD7D /* PhotoModel.h */ = {isa = PBXFileReference; fileEncoding = 4; lastKnownFileType = sourcecode.c.h; path = PhotoModel.h; sourceTree = "<group>"; };
		B64A206A1BC2A7AD00EBCD7D /* PhotoModel.m */ = {isa = PBXFileReference; fileEncoding = 4; lastKnownFileType = sourcecode.c.objc; path = PhotoModel.m; sourceTree = "<group>"; };
		B64A206C1BC2A7AD00EBCD7D /* PB.bundle */ = {isa = PBXFileReference; lastKnownFileType = "wrapper.plug-in"; path = PB.bundle; sourceTree = "<group>"; };
		B64A206E1BC2A7AD00EBCD7D /* PhotoBroswerType.h */ = {isa = PBXFileReference; fileEncoding = 4; lastKnownFileType = sourcecode.c.h; path = PhotoBroswerType.h; sourceTree = "<group>"; };
		B64A20701BC2A7AD00EBCD7D /* PBBlurImageView.h */ = {isa = PBXFileReference; fileEncoding = 4; lastKnownFileType = sourcecode.c.h; path = PBBlurImageView.h; sourceTree = "<group>"; };
		B64A20711BC2A7AD00EBCD7D /* PBBlurImageView.m */ = {isa = PBXFileReference; fileEncoding = 4; lastKnownFileType = sourcecode.c.objc; path = PBBlurImageView.m; sourceTree = "<group>"; };
		B64A20721BC2A7AD00EBCD7D /* PBPGView.h */ = {isa = PBXFileReference; fileEncoding = 4; lastKnownFileType = sourcecode.c.h; path = PBPGView.h; sourceTree = "<group>"; };
		B64A20731BC2A7AD00EBCD7D /* PBPGView.m */ = {isa = PBXFileReference; fileEncoding = 4; lastKnownFileType = sourcecode.c.objc; path = PBPGView.m; sourceTree = "<group>"; };
		B64A20741BC2A7AD00EBCD7D /* PBSaveBtn.h */ = {isa = PBXFileReference; fileEncoding = 4; lastKnownFileType = sourcecode.c.h; path = PBSaveBtn.h; sourceTree = "<group>"; };
		B64A20751BC2A7AD00EBCD7D /* PBSaveBtn.m */ = {isa = PBXFileReference; fileEncoding = 4; lastKnownFileType = sourcecode.c.objc; path = PBSaveBtn.m; sourceTree = "<group>"; };
		B64A20761BC2A7AD00EBCD7D /* PBScrollView.h */ = {isa = PBXFileReference; fileEncoding = 4; lastKnownFileType = sourcecode.c.h; path = PBScrollView.h; sourceTree = "<group>"; };
		B64A20771BC2A7AD00EBCD7D /* PBScrollView.m */ = {isa = PBXFileReference; fileEncoding = 4; lastKnownFileType = sourcecode.c.objc; path = PBScrollView.m; sourceTree = "<group>"; };
		B64A20781BC2A7AD00EBCD7D /* PhotoImageView.h */ = {isa = PBXFileReference; fileEncoding = 4; lastKnownFileType = sourcecode.c.h; path = PhotoImageView.h; sourceTree = "<group>"; };
		B64A20791BC2A7AD00EBCD7D /* PhotoImageView.m */ = {isa = PBXFileReference; fileEncoding = 4; lastKnownFileType = sourcecode.c.objc; path = PhotoImageView.m; sourceTree = "<group>"; };
		B64A207A1BC2A7AD00EBCD7D /* PhotoItemView.h */ = {isa = PBXFileReference; fileEncoding = 4; lastKnownFileType = sourcecode.c.h; path = PhotoItemView.h; sourceTree = "<group>"; };
		B64A207B1BC2A7AD00EBCD7D /* PhotoItemView.m */ = {isa = PBXFileReference; fileEncoding = 4; lastKnownFileType = sourcecode.c.objc; path = PhotoItemView.m; sourceTree = "<group>"; };
		B64A207C1BC2A7AD00EBCD7D /* PhotoItemView.xib */ = {isa = PBXFileReference; fileEncoding = 4; lastKnownFileType = file.xib; path = PhotoItemView.xib; sourceTree = "<group>"; };
		B64A207D1BC2A7AD00EBCD7D /* PhotoBroswerVC.h */ = {isa = PBXFileReference; fileEncoding = 4; lastKnownFileType = sourcecode.c.h; path = PhotoBroswerVC.h; sourceTree = "<group>"; };
		B64A207E1BC2A7AD00EBCD7D /* PhotoBroswerVC.m */ = {isa = PBXFileReference; fileEncoding = 4; lastKnownFileType = sourcecode.c.objc; path = PhotoBroswerVC.m; sourceTree = "<group>"; };
		B64A207F1BC2A7AD00EBCD7D /* PhotoBroswerVC.xib */ = {isa = PBXFileReference; fileEncoding = 4; lastKnownFileType = file.xib; path = PhotoBroswerVC.xib; sourceTree = "<group>"; };
		B64A20831BC2A7AD00EBCD7D /* NSString+File.h */ = {isa = PBXFileReference; fileEncoding = 4; lastKnownFileType = sourcecode.c.h; path = "NSString+File.h"; sourceTree = "<group>"; };
		B64A20841BC2A7AD00EBCD7D /* NSString+File.m */ = {isa = PBXFileReference; fileEncoding = 4; lastKnownFileType = sourcecode.c.objc; path = "NSString+File.m"; sourceTree = "<group>"; };
		B64A20851BC2A7AD00EBCD7D /* CoreArchive.h */ = {isa = PBXFileReference; fileEncoding = 4; lastKnownFileType = sourcecode.c.h; path = CoreArchive.h; sourceTree = "<group>"; };
		B64A20861BC2A7AD00EBCD7D /* CoreArchive.m */ = {isa = PBXFileReference; fileEncoding = 4; lastKnownFileType = sourcecode.c.objc; path = CoreArchive.m; sourceTree = "<group>"; };
		B64A20891BC2A7AD00EBCD7D /* CALayer+Anim.h */ = {isa = PBXFileReference; fileEncoding = 4; lastKnownFileType = sourcecode.c.h; path = "CALayer+Anim.h"; sourceTree = "<group>"; };
		B64A208A1BC2A7AD00EBCD7D /* CALayer+Anim.m */ = {isa = PBXFileReference; fileEncoding = 4; lastKnownFileType = sourcecode.c.objc; path = "CALayer+Anim.m"; sourceTree = "<group>"; };
		B64A208B1BC2A7AD00EBCD7D /* CALayer+Transition.h */ = {isa = PBXFileReference; fileEncoding = 4; lastKnownFileType = sourcecode.c.h; path = "CALayer+Transition.h"; sourceTree = "<group>"; };
		B64A208C1BC2A7AD00EBCD7D /* CALayer+Transition.m */ = {isa = PBXFileReference; fileEncoding = 4; lastKnownFileType = sourcecode.c.objc; path = "CALayer+Transition.m"; sourceTree = "<group>"; };
		B64A208E1BC2A7AD00EBCD7D /* NSArray+Extend.h */ = {isa = PBXFileReference; fileEncoding = 4; lastKnownFileType = sourcecode.c.h; path = "NSArray+Extend.h"; sourceTree = "<group>"; };
		B64A208F1BC2A7AD00EBCD7D /* NSArray+Extend.m */ = {isa = PBXFileReference; fileEncoding = 4; lastKnownFileType = sourcecode.c.objc; path = "NSArray+Extend.m"; sourceTree = "<group>"; };
		B64A20911BC2A7AD00EBCD7D /* NSDate+Extend.h */ = {isa = PBXFileReference; fileEncoding = 4; lastKnownFileType = sourcecode.c.h; path = "NSDate+Extend.h"; sourceTree = "<group>"; };
		B64A20921BC2A7AD00EBCD7D /* NSDate+Extend.m */ = {isa = PBXFileReference; fileEncoding = 4; lastKnownFileType = sourcecode.c.objc; path = "NSDate+Extend.m"; sourceTree = "<group>"; };
		B64A20941BC2A7AD00EBCD7D /* NSObject+Extend.h */ = {isa = PBXFileReference; fileEncoding = 4; lastKnownFileType = sourcecode.c.h; path = "NSObject+Extend.h"; sourceTree = "<group>"; };
		B64A20951BC2A7AD00EBCD7D /* NSObject+Extend.m */ = {isa = PBXFileReference; fileEncoding = 4; lastKnownFileType = sourcecode.c.objc; path = "NSObject+Extend.m"; sourceTree = "<group>"; };
		B64A20971BC2A7AD00EBCD7D /* NSString+Extend.h */ = {isa = PBXFileReference; fileEncoding = 4; lastKnownFileType = sourcecode.c.h; path = "NSString+Extend.h"; sourceTree = "<group>"; };
		B64A20981BC2A7AD00EBCD7D /* NSString+Extend.m */ = {isa = PBXFileReference; fileEncoding = 4; lastKnownFileType = sourcecode.c.objc; path = "NSString+Extend.m"; sourceTree = "<group>"; };
		B64A20991BC2A7AD00EBCD7D /* NSString+Password.h */ = {isa = PBXFileReference; fileEncoding = 4; lastKnownFileType = sourcecode.c.h; path = "NSString+Password.h"; sourceTree = "<group>"; };
		B64A209A1BC2A7AD00EBCD7D /* NSString+Password.m */ = {isa = PBXFileReference; fileEncoding = 4; lastKnownFileType = sourcecode.c.objc; path = "NSString+Password.m"; sourceTree = "<group>"; };
		B64A209C1BC2A7AD00EBCD7D /* UIColor+Extend.h */ = {isa = PBXFileReference; fileEncoding = 4; lastKnownFileType = sourcecode.c.h; path = "UIColor+Extend.h"; sourceTree = "<group>"; };
		B64A209D1BC2A7AD00EBCD7D /* UIColor+Extend.m */ = {isa = PBXFileReference; fileEncoding = 4; lastKnownFileType = sourcecode.c.objc; path = "UIColor+Extend.m"; sourceTree = "<group>"; };
		B64A209F1BC2A7AD00EBCD7D /* UIDevice+Extend.h */ = {isa = PBXFileReference; fileEncoding = 4; lastKnownFileType = sourcecode.c.h; path = "UIDevice+Extend.h"; sourceTree = "<group>"; };
		B64A20A01BC2A7AD00EBCD7D /* UIDevice+Extend.m */ = {isa = PBXFileReference; fileEncoding = 4; lastKnownFileType = sourcecode.c.objc; path = "UIDevice+Extend.m"; sourceTree = "<group>"; };
		B64A20A21BC2A7AD00EBCD7D /* UIFont+Extend.h */ = {isa = PBXFileReference; fileEncoding = 4; lastKnownFileType = sourcecode.c.h; path = "UIFont+Extend.h"; sourceTree = "<group>"; };
		B64A20A31BC2A7AD00EBCD7D /* UIFont+Extend.m */ = {isa = PBXFileReference; fileEncoding = 4; lastKnownFileType = sourcecode.c.objc; path = "UIFont+Extend.m"; sourceTree = "<group>"; };
		B64A20A51BC2A7AD00EBCD7D /* UIImage+Color.h */ = {isa = PBXFileReference; fileEncoding = 4; lastKnownFileType = sourcecode.c.h; path = "UIImage+Color.h"; sourceTree = "<group>"; };
		B64A20A61BC2A7AD00EBCD7D /* UIImage+Color.m */ = {isa = PBXFileReference; fileEncoding = 4; lastKnownFileType = sourcecode.c.objc; path = "UIImage+Color.m"; sourceTree = "<group>"; };
		B64A20A71BC2A7AD00EBCD7D /* UIImage+Cut.h */ = {isa = PBXFileReference; fileEncoding = 4; lastKnownFileType = sourcecode.c.h; path = "UIImage+Cut.h"; sourceTree = "<group>"; };
		B64A20A81BC2A7AD00EBCD7D /* UIImage+Cut.m */ = {isa = PBXFileReference; fileEncoding = 4; lastKnownFileType = sourcecode.c.objc; path = "UIImage+Cut.m"; sourceTree = "<group>"; };
		B64A20A91BC2A7AD00EBCD7D /* UIImage+Extend.h */ = {isa = PBXFileReference; fileEncoding = 4; lastKnownFileType = sourcecode.c.h; path = "UIImage+Extend.h"; sourceTree = "<group>"; };
		B64A20AA1BC2A7AD00EBCD7D /* UIImage+Extend.m */ = {isa = PBXFileReference; fileEncoding = 4; lastKnownFileType = sourcecode.c.objc; path = "UIImage+Extend.m"; sourceTree = "<group>"; };
		B64A20AB1BC2A7AD00EBCD7D /* UIImage+FixOrientation.h */ = {isa = PBXFileReference; fileEncoding = 4; lastKnownFileType = sourcecode.c.h; path = "UIImage+FixOrientation.h"; sourceTree = "<group>"; };
		B64A20AC1BC2A7AD00EBCD7D /* UIImage+FixOrientation.m */ = {isa = PBXFileReference; fileEncoding = 4; lastKnownFileType = sourcecode.c.objc; path = "UIImage+FixOrientation.m"; sourceTree = "<group>"; };
		B64A20AD1BC2A7AD00EBCD7D /* UIImage+Water.h */ = {isa = PBXFileReference; fileEncoding = 4; lastKnownFileType = sourcecode.c.h; path = "UIImage+Water.h"; sourceTree = "<group>"; };
		B64A20AE1BC2A7AD00EBCD7D /* UIImage+Water.m */ = {isa = PBXFileReference; fileEncoding = 4; lastKnownFileType = sourcecode.c.objc; path = "UIImage+Water.m"; sourceTree = "<group>"; };
		B64A20B01BC2A7AD00EBCD7D /* UITableViewCell+Extend.h */ = {isa = PBXFileReference; fileEncoding = 4; lastKnownFileType = sourcecode.c.h; path = "UITableViewCell+Extend.h"; sourceTree = "<group>"; };
		B64A20B11BC2A7AD00EBCD7D /* UITableViewCell+Extend.m */ = {isa = PBXFileReference; fileEncoding = 4; lastKnownFileType = sourcecode.c.objc; path = "UITableViewCell+Extend.m"; sourceTree = "<group>"; };
		B64A20B31BC2A7AD00EBCD7D /* UIView+Extend.h */ = {isa = PBXFileReference; fileEncoding = 4; lastKnownFileType = sourcecode.c.h; path = "UIView+Extend.h"; sourceTree = "<group>"; };
		B64A20B41BC2A7AD00EBCD7D /* UIView+Extend.m */ = {isa = PBXFileReference; fileEncoding = 4; lastKnownFileType = sourcecode.c.objc; path = "UIView+Extend.m"; sourceTree = "<group>"; };
		B64A20B61BC2A7AD00EBCD7D /* UIWindow+Launch.h */ = {isa = PBXFileReference; fileEncoding = 4; lastKnownFileType = sourcecode.c.h; path = "UIWindow+Launch.h"; sourceTree = "<group>"; };
		B64A20B71BC2A7AD00EBCD7D /* UIWindow+Launch.m */ = {isa = PBXFileReference; fileEncoding = 4; lastKnownFileType = sourcecode.c.objc; path = "UIWindow+Launch.m"; sourceTree = "<group>"; };
		B64A20B91BC2A7AD00EBCD7D /* CoreConst.h */ = {isa = PBXFileReference; fileEncoding = 4; lastKnownFileType = sourcecode.c.h; path = CoreConst.h; sourceTree = "<group>"; };
		B64A20BD1BC2A7AD00EBCD7D /* UIImage+ReMake.h */ = {isa = PBXFileReference; fileEncoding = 4; lastKnownFileType = sourcecode.c.h; path = "UIImage+ReMake.h"; sourceTree = "<group>"; };
		B64A20BE1BC2A7AD00EBCD7D /* UIImage+ReMake.m */ = {isa = PBXFileReference; fileEncoding = 4; lastKnownFileType = sourcecode.c.objc; path = "UIImage+ReMake.m"; sourceTree = "<group>"; };
		B64A20C01BC2A7AD00EBCD7D /* CoreSDWebImage.bundle */ = {isa = PBXFileReference; lastKnownFileType = "wrapper.plug-in"; path = CoreSDWebImage.bundle; sourceTree = "<group>"; };
		B64A20C21BC2A7AD00EBCD7D /* MKAnnotationView+WebCache.h */ = {isa = PBXFileReference; fileEncoding = 4; lastKnownFileType = sourcecode.c.h; path = "MKAnnotationView+WebCache.h"; sourceTree = "<group>"; };
		B64A20C31BC2A7AD00EBCD7D /* MKAnnotationView+WebCache.m */ = {isa = PBXFileReference; fileEncoding = 4; lastKnownFileType = sourcecode.c.objc; path = "MKAnnotationView+WebCache.m"; sourceTree = "<group>"; };
		B64A20C41BC2A7AD00EBCD7D /* NSData+ImageContentType.h */ = {isa = PBXFileReference; fileEncoding = 4; lastKnownFileType = sourcecode.c.h; path = "NSData+ImageContentType.h"; sourceTree = "<group>"; };
		B64A20C51BC2A7AD00EBCD7D /* NSData+ImageContentType.m */ = {isa = PBXFileReference; fileEncoding = 4; lastKnownFileType = sourcecode.c.objc; path = "NSData+ImageContentType.m"; sourceTree = "<group>"; };
		B64A20C61BC2A7AD00EBCD7D /* SDImageCache.h */ = {isa = PBXFileReference; fileEncoding = 4; lastKnownFileType = sourcecode.c.h; path = SDImageCache.h; sourceTree = "<group>"; };
		B64A20C71BC2A7AD00EBCD7D /* SDImageCache.m */ = {isa = PBXFileReference; fileEncoding = 4; lastKnownFileType = sourcecode.c.objc; path = SDImageCache.m; sourceTree = "<group>"; };
		B64A20C81BC2A7AD00EBCD7D /* SDWebImageCompat.h */ = {isa = PBXFileReference; fileEncoding = 4; lastKnownFileType = sourcecode.c.h; path = SDWebImageCompat.h; sourceTree = "<group>"; };
		B64A20C91BC2A7AD00EBCD7D /* SDWebImageCompat.m */ = {isa = PBXFileReference; fileEncoding = 4; lastKnownFileType = sourcecode.c.objc; path = SDWebImageCompat.m; sourceTree = "<group>"; };
		B64A20CA1BC2A7AD00EBCD7D /* SDWebImageDecoder.h */ = {isa = PBXFileReference; fileEncoding = 4; lastKnownFileType = sourcecode.c.h; path = SDWebImageDecoder.h; sourceTree = "<group>"; };
		B64A20CB1BC2A7AD00EBCD7D /* SDWebImageDecoder.m */ = {isa = PBXFileReference; fileEncoding = 4; lastKnownFileType = sourcecode.c.objc; path = SDWebImageDecoder.m; sourceTree = "<group>"; };
		B64A20CC1BC2A7AD00EBCD7D /* SDWebImageDownloader.h */ = {isa = PBXFileReference; fileEncoding = 4; lastKnownFileType = sourcecode.c.h; path = SDWebImageDownloader.h; sourceTree = "<group>"; };
		B64A20CD1BC2A7AD00EBCD7D /* SDWebImageDownloader.m */ = {isa = PBXFileReference; fileEncoding = 4; lastKnownFileType = sourcecode.c.objc; path = SDWebImageDownloader.m; sourceTree = "<group>"; };
		B64A20CE1BC2A7AD00EBCD7D /* SDWebImageDownloaderOperation.h */ = {isa = PBXFileReference; fileEncoding = 4; lastKnownFileType = sourcecode.c.h; path = SDWebImageDownloaderOperation.h; sourceTree = "<group>"; };
		B64A20CF1BC2A7AD00EBCD7D /* SDWebImageDownloaderOperation.m */ = {isa = PBXFileReference; fileEncoding = 4; lastKnownFileType = sourcecode.c.objc; path = SDWebImageDownloaderOperation.m; sourceTree = "<group>"; };
		B64A20D01BC2A7AD00EBCD7D /* SDWebImageManager.h */ = {isa = PBXFileReference; fileEncoding = 4; lastKnownFileType = sourcecode.c.h; path = SDWebImageManager.h; sourceTree = "<group>"; };
		B64A20D11BC2A7AD00EBCD7D /* SDWebImageManager.m */ = {isa = PBXFileReference; fileEncoding = 4; lastKnownFileType = sourcecode.c.objc; path = SDWebImageManager.m; sourceTree = "<group>"; };
		B64A20D21BC2A7AD00EBCD7D /* SDWebImageOperation.h */ = {isa = PBXFileReference; fileEncoding = 4; lastKnownFileType = sourcecode.c.h; path = SDWebImageOperation.h; sourceTree = "<group>"; };
		B64A20D31BC2A7AD00EBCD7D /* SDWebImagePrefetcher.h */ = {isa = PBXFileReference; fileEncoding = 4; lastKnownFileType = sourcecode.c.h; path = SDWebImagePrefetcher.h; sourceTree = "<group>"; };
		B64A20D41BC2A7AD00EBCD7D /* SDWebImagePrefetcher.m */ = {isa = PBXFileReference; fileEncoding = 4; lastKnownFileType = sourcecode.c.objc; path = SDWebImagePrefetcher.m; sourceTree = "<group>"; };
		B64A20D51BC2A7AD00EBCD7D /* UIButton+WebCache.h */ = {isa = PBXFileReference; fileEncoding = 4; lastKnownFileType = sourcecode.c.h; path = "UIButton+WebCache.h"; sourceTree = "<group>"; };
		B64A20D61BC2A7AD00EBCD7D /* UIButton+WebCache.m */ = {isa = PBXFileReference; fileEncoding = 4; lastKnownFileType = sourcecode.c.objc; path = "UIButton+WebCache.m"; sourceTree = "<group>"; };
		B64A20D71BC2A7AD00EBCD7D /* UIImage+GIF.h */ = {isa = PBXFileReference; fileEncoding = 4; lastKnownFileType = sourcecode.c.h; path = "UIImage+GIF.h"; sourceTree = "<group>"; };
		B64A20D81BC2A7AD00EBCD7D /* UIImage+GIF.m */ = {isa = PBXFileReference; fileEncoding = 4; lastKnownFileType = sourcecode.c.objc; path = "UIImage+GIF.m"; sourceTree = "<group>"; };
		B64A20D91BC2A7AD00EBCD7D /* UIImage+MultiFormat.h */ = {isa = PBXFileReference; fileEncoding = 4; lastKnownFileType = sourcecode.c.h; path = "UIImage+MultiFormat.h"; sourceTree = "<group>"; };
		B64A20DA1BC2A7AD00EBCD7D /* UIImage+MultiFormat.m */ = {isa = PBXFileReference; fileEncoding = 4; lastKnownFileType = sourcecode.c.objc; path = "UIImage+MultiFormat.m"; sourceTree = "<group>"; };
		B64A20DB1BC2A7AD00EBCD7D /* UIImage+WebP.h */ = {isa = PBXFileReference; fileEncoding = 4; lastKnownFileType = sourcecode.c.h; path = "UIImage+WebP.h"; sourceTree = "<group>"; };
		B64A20DC1BC2A7AD00EBCD7D /* UIImage+WebP.m */ = {isa = PBXFileReference; fileEncoding = 4; lastKnownFileType = sourcecode.c.objc; path = "UIImage+WebP.m"; sourceTree = "<group>"; };
		B64A20DD1BC2A7AD00EBCD7D /* UIImageView+HighlightedWebCache.h */ = {isa = PBXFileReference; fileEncoding = 4; lastKnownFileType = sourcecode.c.h; path = "UIImageView+HighlightedWebCache.h"; sourceTree = "<group>"; };
		B64A20DE1BC2A7AD00EBCD7D /* UIImageView+HighlightedWebCache.m */ = {isa = PBXFileReference; fileEncoding = 4; lastKnownFileType = sourcecode.c.objc; path = "UIImageView+HighlightedWebCache.m"; sourceTree = "<group>"; };
		B64A20DF1BC2A7AD00EBCD7D /* UIImageView+WebCache.h */ = {isa = PBXFileReference; fileEncoding = 4; lastKnownFileType = sourcecode.c.h; path = "UIImageView+WebCache.h"; sourceTree = "<group>"; };
		B64A20E01BC2A7AD00EBCD7D /* UIImageView+WebCache.m */ = {isa = PBXFileReference; fileEncoding = 4; lastKnownFileType = sourcecode.c.objc; path = "UIImageView+WebCache.m"; sourceTree = "<group>"; };
		B64A20E11BC2A7AD00EBCD7D /* UIView+WebCacheOperation.h */ = {isa = PBXFileReference; fileEncoding = 4; lastKnownFileType = sourcecode.c.h; path = "UIView+WebCacheOperation.h"; sourceTree = "<group>"; };
		B64A20E21BC2A7AD00EBCD7D /* UIView+WebCacheOperation.m */ = {isa = PBXFileReference; fileEncoding = 4; lastKnownFileType = sourcecode.c.objc; path = "UIView+WebCacheOperation.m"; sourceTree = "<group>"; };
		B64A20E31BC2A7AD00EBCD7D /* UIButton+SD.h */ = {isa = PBXFileReference; fileEncoding = 4; lastKnownFileType = sourcecode.c.h; path = "UIButton+SD.h"; sourceTree = "<group>"; };
		B64A20E41BC2A7AD00EBCD7D /* UIButton+SD.m */ = {isa = PBXFileReference; fileEncoding = 4; lastKnownFileType = sourcecode.c.objc; path = "UIButton+SD.m"; sourceTree = "<group>"; };
		B64A20E51BC2A7AD00EBCD7D /* UIImageView+SD.h */ = {isa = PBXFileReference; fileEncoding = 4; lastKnownFileType = sourcecode.c.h; path = "UIImageView+SD.h"; sourceTree = "<group>"; };
		B64A20E61BC2A7AD00EBCD7D /* UIImageView+SD.m */ = {isa = PBXFileReference; fileEncoding = 4; lastKnownFileType = sourcecode.c.objc; path = "UIImageView+SD.m"; sourceTree = "<group>"; };
		B64A20E81BC2A7AD00EBCD7D /* CoreSVP.bundle */ = {isa = PBXFileReference; lastKnownFileType = "wrapper.plug-in"; path = CoreSVP.bundle; sourceTree = "<group>"; };
		B64A20E91BC2A7AD00EBCD7D /* CoreSVP.h */ = {isa = PBXFileReference; fileEncoding = 4; lastKnownFileType = sourcecode.c.h; path = CoreSVP.h; sourceTree = "<group>"; };
		B64A20EA1BC2A7AD00EBCD7D /* CoreSVP.m */ = {isa = PBXFileReference; fileEncoding = 4; lastKnownFileType = sourcecode.c.objc; path = CoreSVP.m; sourceTree = "<group>"; };
		B64A20EC1BC2A7AD00EBCD7D /* SVIndefiniteAnimatedView.h */ = {isa = PBXFileReference; fileEncoding = 4; lastKnownFileType = sourcecode.c.h; path = SVIndefiniteAnimatedView.h; sourceTree = "<group>"; };
		B64A20ED1BC2A7AD00EBCD7D /* SVIndefiniteAnimatedView.m */ = {isa = PBXFileReference; fileEncoding = 4; lastKnownFileType = sourcecode.c.objc; path = SVIndefiniteAnimatedView.m; sourceTree = "<group>"; };
		B64A20EE1BC2A7AD00EBCD7D /* SVProgressHUD-Prefix.pch */ = {isa = PBXFileReference; fileEncoding = 4; lastKnownFileType = sourcecode.c.h; path = "SVProgressHUD-Prefix.pch"; sourceTree = "<group>"; };
		B64A20EF1BC2A7AD00EBCD7D /* SVProgressHUD.bundle */ = {isa = PBXFileReference; lastKnownFileType = "wrapper.plug-in"; path = SVProgressHUD.bundle; sourceTree = "<group>"; };
		B64A20F01BC2A7AD00EBCD7D /* SVProgressHUD.h */ = {isa = PBXFileReference; fileEncoding = 4; lastKnownFileType = sourcecode.c.h; path = SVProgressHUD.h; sourceTree = "<group>"; };
		B64A20F11BC2A7AD00EBCD7D /* SVProgressHUD.m */ = {isa = PBXFileReference; fileEncoding = 4; lastKnownFileType = sourcecode.c.objc; path = SVProgressHUD.m; sourceTree = "<group>"; };
		B64A20F31BC2A7AD00EBCD7D /* LFRoundProgressView.h */ = {isa = PBXFileReference; fileEncoding = 4; lastKnownFileType = sourcecode.c.h; path = LFRoundProgressView.h; sourceTree = "<group>"; };
		B64A20F41BC2A7AD00EBCD7D /* LFRoundProgressView.m */ = {isa = PBXFileReference; fileEncoding = 4; lastKnownFileType = sourcecode.c.objc; path = LFRoundProgressView.m; sourceTree = "<group>"; };
		B66C13B91BBFCD73007DE660 /* icon@2x.png */ = {isa = PBXFileReference; lastKnownFileType = image.png; name = "icon@2x.png"; path = "../icon@2x.png"; sourceTree = "<group>"; };
		B66C13BD1BBFCDA4007DE660 /* icon@3x.png */ = {isa = PBXFileReference; lastKnownFileType = image.png; name = "icon@3x.png"; path = "../icon@3x.png"; sourceTree = "<group>"; };
		B66C13BF1BBFCDCB007DE660 /* Images.xcassets */ = {isa = PBXFileReference; lastKnownFileType = folder.assetcatalog; path = Images.xcassets; sourceTree = "<group>"; };
		B66CB4081BC236E30012AF18 /* right.png */ = {isa = PBXFileReference; lastKnownFileType = image.png; path = right.png; sourceTree = "<group>"; };
		B66CB4091BC236E30012AF18 /* right@2x.png */ = {isa = PBXFileReference; lastKnownFileType = image.png; path = "right@2x.png"; sourceTree = "<group>"; };
		B66CB40A1BC236E30012AF18 /* right@3x.png */ = {isa = PBXFileReference; lastKnownFileType = image.png; path = "right@3x.png"; sourceTree = "<group>"; };
		B66CB4101BC23DC60012AF18 /* MainViewController.h */ = {isa = PBXFileReference; fileEncoding = 4; lastKnownFileType = sourcecode.c.h; path = MainViewController.h; sourceTree = "<group>"; };
		B66CB4111BC23DC60012AF18 /* MainViewController.m */ = {isa = PBXFileReference; fileEncoding = 4; lastKnownFileType = sourcecode.c.objc; path = MainViewController.m; sourceTree = "<group>"; };
		B66CB4381BC2441D0012AF18 /* MainViewController.xib */ = {isa = PBXFileReference; fileEncoding = 4; lastKnownFileType = file.xib; name = MainViewController.xib; path = resources/MainViewController.xib; sourceTree = "<group>"; };
		B674384D1BBD6B250005DD56 /* reminder.app */ = {isa = PBXFileReference; explicitFileType = wrapper.application; includeInIndex = 0; path = reminder.app; sourceTree = BUILT_PRODUCTS_DIR; };
		B67438511BBD6B250005DD56 /* main.m */ = {isa = PBXFileReference; lastKnownFileType = sourcecode.c.objc; path = main.m; sourceTree = "<group>"; };
		B67438531BBD6B250005DD56 /* AppDelegate.h */ = {isa = PBXFileReference; lastKnownFileType = sourcecode.c.h; path = AppDelegate.h; sourceTree = "<group>"; };
		B67438541BBD6B250005DD56 /* AppDelegate.m */ = {isa = PBXFileReference; lastKnownFileType = sourcecode.c.objc; path = AppDelegate.m; sourceTree = "<group>"; };
		B67438611BBD6B250005DD56 /* Info.plist */ = {isa = PBXFileReference; lastKnownFileType = text.plist.xml; path = Info.plist; sourceTree = "<group>"; };
		B674386F1BBD6E5E0005DD56 /* ReminderManager.h */ = {isa = PBXFileReference; fileEncoding = 4; lastKnownFileType = sourcecode.c.h; path = ReminderManager.h; sourceTree = "<group>"; };
		B67438701BBD6E5E0005DD56 /* ReminderManager.m */ = {isa = PBXFileReference; fileEncoding = 4; lastKnownFileType = sourcecode.c.objc; path = ReminderManager.m; sourceTree = "<group>"; };
		B67438751BBD6F2C0005DD56 /* EventItem.h */ = {isa = PBXFileReference; fileEncoding = 4; lastKnownFileType = sourcecode.c.h; path = EventItem.h; sourceTree = "<group>"; };
		B67438761BBD6F2C0005DD56 /* EventItem.m */ = {isa = PBXFileReference; fileEncoding = 4; lastKnownFileType = sourcecode.c.objc; path = EventItem.m; sourceTree = "<group>"; };
		B67438781BBD7F920005DD56 /* EditViewController.h */ = {isa = PBXFileReference; fileEncoding = 4; lastKnownFileType = sourcecode.c.h; path = EditViewController.h; sourceTree = "<group>"; };
		B67438791BBD7F920005DD56 /* EditViewController.m */ = {isa = PBXFileReference; fileEncoding = 4; lastKnownFileType = sourcecode.c.objc; path = EditViewController.m; sourceTree = "<group>"; };
		B674387A1BBD7F920005DD56 /* EditViewController.xib */ = {isa = PBXFileReference; fileEncoding = 4; lastKnownFileType = file.xib; path = EditViewController.xib; sourceTree = "<group>"; };
		B67F4E021BC529E4003A8014 /* ReminderTableViewCell.h */ = {isa = PBXFileReference; fileEncoding = 4; lastKnownFileType = sourcecode.c.h; path = ReminderTableViewCell.h; sourceTree = "<group>"; };
		B67F4E031BC529E4003A8014 /* ReminderTableViewCell.m */ = {isa = PBXFileReference; fileEncoding = 4; lastKnownFileType = sourcecode.c.objc; path = ReminderTableViewCell.m; sourceTree = "<group>"; };
		B67F4E061BC52F9C003A8014 /* CommonResources.h */ = {isa = PBXFileReference; fileEncoding = 4; lastKnownFileType = sourcecode.c.h; path = CommonResources.h; sourceTree = "<group>"; };
		B67F4E071BC52FCE003A8014 /* NotificationNames.h */ = {isa = PBXFileReference; lastKnownFileType = sourcecode.c.h; path = NotificationNames.h; sourceTree = "<group>"; };
		B67F4E081BC53014003A8014 /* common.h */ = {isa = PBXFileReference; lastKnownFileType = sourcecode.c.h; path = common.h; sourceTree = "<group>"; };
		B690EF801BC29327007F2A68 /* ReminderViewController.xib */ = {isa = PBXFileReference; fileEncoding = 4; lastKnownFileType = file.xib; path = ReminderViewController.xib; sourceTree = "<group>"; };
		B6B13A4D1BBE1CE4004BBE32 /* Default-568h@2x.png */ = {isa = PBXFileReference; lastKnownFileType = image.png; name = "Default-568h@2x.png"; path = "../Default-568h@2x.png"; sourceTree = "<group>"; };
		B6DF03B31BBE4ACB00D8C9EF /* ReminderViewController.h */ = {isa = PBXFileReference; fileEncoding = 4; lastKnownFileType = sourcecode.c.h; path = ReminderViewController.h; sourceTree = "<group>"; };
		B6DF03B41BBE4ACB00D8C9EF /* ReminderViewController.m */ = {isa = PBXFileReference; fileEncoding = 4; lastKnownFileType = sourcecode.c.objc; path = ReminderViewController.m; sourceTree = "<group>"; };
		B6EA42041BC2167500E1DAF5 /* add_video.png */ = {isa = PBXFileReference; lastKnownFileType = image.png; path = add_video.png; sourceTree = "<group>"; };
		B6EA42051BC2167500E1DAF5 /* add_video@2x.png */ = {isa = PBXFileReference; lastKnownFileType = image.png; path = "add_video@2x.png"; sourceTree = "<group>"; };
		B6EA42061BC2167500E1DAF5 /* add_video@3x.png */ = {isa = PBXFileReference; lastKnownFileType = image.png; path = "add_video@3x.png"; sourceTree = "<group>"; };
		B6EA42071BC2167500E1DAF5 /* back2.png */ = {isa = PBXFileReference; lastKnownFileType = image.png; path = back2.png; sourceTree = "<group>"; };
		B6EA42081BC2167500E1DAF5 /* back2@2x.png */ = {isa = PBXFileReference; lastKnownFileType = image.png; path = "back2@2x.png"; sourceTree = "<group>"; };
		B6EA42091BC2167500E1DAF5 /* back2@3x.png */ = {isa = PBXFileReference; lastKnownFileType = image.png; path = "back2@3x.png"; sourceTree = "<group>"; };
		B6EA420A1BC2167500E1DAF5 /* common_close.png */ = {isa = PBXFileReference; lastKnownFileType = image.png; path = common_close.png; sourceTree = "<group>"; };
		B6EA420B1BC2167500E1DAF5 /* common_close@2x.png */ = {isa = PBXFileReference; lastKnownFileType = image.png; path = "common_close@2x.png"; sourceTree = "<group>"; };
		B6EA420C1BC2167500E1DAF5 /* common_close@3x.png */ = {isa = PBXFileReference; lastKnownFileType = image.png; path = "common_close@3x.png"; sourceTree = "<group>"; };
		B6EA420D1BC2167500E1DAF5 /* list_delete.png */ = {isa = PBXFileReference; lastKnownFileType = image.png; path = list_delete.png; sourceTree = "<group>"; };
		B6EA420E1BC2167500E1DAF5 /* list_delete@2x.png */ = {isa = PBXFileReference; lastKnownFileType = image.png; path = "list_delete@2x.png"; sourceTree = "<group>"; };
		B6EA420F1BC2167500E1DAF5 /* list_delete@3x.png */ = {isa = PBXFileReference; lastKnownFileType = image.png; path = "list_delete@3x.png"; sourceTree = "<group>"; };
		B6EA42101BC2167500E1DAF5 /* list_edit.png */ = {isa = PBXFileReference; lastKnownFileType = image.png; path = list_edit.png; sourceTree = "<group>"; };
		B6EA42111BC2167500E1DAF5 /* list_edit@2x.png */ = {isa = PBXFileReference; lastKnownFileType = image.png; path = "list_edit@2x.png"; sourceTree = "<group>"; };
		B6EA42121BC2167500E1DAF5 /* list_edit@3x.png */ = {isa = PBXFileReference; lastKnownFileType = image.png; path = "list_edit@3x.png"; sourceTree = "<group>"; };
		B6EA42131BC2167500E1DAF5 /* list_list.png */ = {isa = PBXFileReference; lastKnownFileType = image.png; path = list_list.png; sourceTree = "<group>"; };
		B6EA42141BC2167500E1DAF5 /* list_list@2x.png */ = {isa = PBXFileReference; lastKnownFileType = image.png; path = "list_list@2x.png"; sourceTree = "<group>"; };
		B6EA42151BC2167500E1DAF5 /* list_list@3x.png */ = {isa = PBXFileReference; lastKnownFileType = image.png; path = "list_list@3x.png"; sourceTree = "<group>"; };
		B6EA42161BC2167500E1DAF5 /* list_more.png */ = {isa = PBXFileReference; lastKnownFileType = image.png; path = list_more.png; sourceTree = "<group>"; };
		B6EA42171BC2167500E1DAF5 /* list_more@2x.png */ = {isa = PBXFileReference; lastKnownFileType = image.png; path = "list_more@2x.png"; sourceTree = "<group>"; };
		B6EA42181BC2167500E1DAF5 /* list_more@3x.png */ = {isa = PBXFileReference; lastKnownFileType = image.png; path = "list_more@3x.png"; sourceTree = "<group>"; };
		B6EA42191BC2167500E1DAF5 /* list_setting.png */ = {isa = PBXFileReference; lastKnownFileType = image.png; path = list_setting.png; sourceTree = "<group>"; };
		B6EA421A1BC2167500E1DAF5 /* list_setting@2x.png */ = {isa = PBXFileReference; lastKnownFileType = image.png; path = "list_setting@2x.png"; sourceTree = "<group>"; };
		B6EA421B1BC2167500E1DAF5 /* list_setting@3x.png */ = {isa = PBXFileReference; lastKnownFileType = image.png; path = "list_setting@3x.png"; sourceTree = "<group>"; };
		B6EA421C1BC2167500E1DAF5 /* record_photo.png */ = {isa = PBXFileReference; lastKnownFileType = image.png; path = record_photo.png; sourceTree = "<group>"; };
		B6EA421D1BC2167500E1DAF5 /* record_photo@2x.png */ = {isa = PBXFileReference; lastKnownFileType = image.png; path = "record_photo@2x.png"; sourceTree = "<group>"; };
		B6EA421E1BC2167500E1DAF5 /* record_photo@3x.png */ = {isa = PBXFileReference; lastKnownFileType = image.png; path = "record_photo@3x.png"; sourceTree = "<group>"; };
		B6EA421F1BC2167500E1DAF5 /* red_delete.png */ = {isa = PBXFileReference; lastKnownFileType = image.png; path = red_delete.png; sourceTree = "<group>"; };
		B6EA42201BC2167500E1DAF5 /* red_delete@2x.png */ = {isa = PBXFileReference; lastKnownFileType = image.png; path = "red_delete@2x.png"; sourceTree = "<group>"; };
		B6EA42211BC2167500E1DAF5 /* red_delete@3x.png */ = {isa = PBXFileReference; lastKnownFileType = image.png; path = "red_delete@3x.png"; sourceTree = "<group>"; };
/* End PBXFileReference section */

/* Begin PBXFrameworksBuildPhase section */
		B674384A1BBD6B250005DD56 /* Frameworks */ = {
			isa = PBXFrameworksBuildPhase;
			buildActionMask = 2147483647;
			files = (
			);
			runOnlyForDeploymentPostprocessing = 0;
		};
/* End PBXFrameworksBuildPhase section */

/* Begin PBXGroup section */
		B64A205C1BC2A7AD00EBCD7D /* vendors */ = {
			isa = PBXGroup;
			children = (
				B64A205D1BC2A7AD00EBCD7D /* CorePhotoBroswerVC */,
				B64A20801BC2A7AD00EBCD7D /* FrameWorks */,
			);
			path = vendors;
			sourceTree = "<group>";
		};
		B64A205D1BC2A7AD00EBCD7D /* CorePhotoBroswerVC */ = {
			isa = PBXGroup;
			children = (
				B64A205E1BC2A7AD00EBCD7D /* Lib */,
				B64A207D1BC2A7AD00EBCD7D /* PhotoBroswerVC.h */,
				B64A207E1BC2A7AD00EBCD7D /* PhotoBroswerVC.m */,
				B64A207F1BC2A7AD00EBCD7D /* PhotoBroswerVC.xib */,
			);
			path = CorePhotoBroswerVC;
			sourceTree = "<group>";
		};
		B64A205E1BC2A7AD00EBCD7D /* Lib */ = {
			isa = PBXGroup;
			children = (
				B64A205F1BC2A7AD00EBCD7D /* Category */,
				B64A20621BC2A7AD00EBCD7D /* Const */,
				B64A20651BC2A7AD00EBCD7D /* Layout */,
				B64A20681BC2A7AD00EBCD7D /* Model */,
				B64A206B1BC2A7AD00EBCD7D /* Resource */,
				B64A206D1BC2A7AD00EBCD7D /* Type */,
				B64A206F1BC2A7AD00EBCD7D /* View */,
			);
			path = Lib;
			sourceTree = "<group>";
		};
		B64A205F1BC2A7AD00EBCD7D /* Category */ = {
			isa = PBXGroup;
			children = (
				B64A20601BC2A7AD00EBCD7D /* UIView+PBExtend.h */,
				B64A20611BC2A7AD00EBCD7D /* UIView+PBExtend.m */,
			);
			path = Category;
			sourceTree = "<group>";
		};
		B64A20621BC2A7AD00EBCD7D /* Const */ = {
			isa = PBXGroup;
			children = (
				B64A20631BC2A7AD00EBCD7D /* PBConst.h */,
				B64A20641BC2A7AD00EBCD7D /* PBConst.m */,
			);
			path = Const;
			sourceTree = "<group>";
		};
		B64A20651BC2A7AD00EBCD7D /* Layout */ = {
			isa = PBXGroup;
			children = (
				B64A20661BC2A7AD00EBCD7D /* PhotoBroswerLayout.h */,
				B64A20671BC2A7AD00EBCD7D /* PhotoBroswerLayout.m */,
			);
			path = Layout;
			sourceTree = "<group>";
		};
		B64A20681BC2A7AD00EBCD7D /* Model */ = {
			isa = PBXGroup;
			children = (
				B64A20691BC2A7AD00EBCD7D /* PhotoModel.h */,
				B64A206A1BC2A7AD00EBCD7D /* PhotoModel.m */,
			);
			path = Model;
			sourceTree = "<group>";
		};
		B64A206B1BC2A7AD00EBCD7D /* Resource */ = {
			isa = PBXGroup;
			children = (
				B64A206C1BC2A7AD00EBCD7D /* PB.bundle */,
			);
			path = Resource;
			sourceTree = "<group>";
		};
		B64A206D1BC2A7AD00EBCD7D /* Type */ = {
			isa = PBXGroup;
			children = (
				B64A206E1BC2A7AD00EBCD7D /* PhotoBroswerType.h */,
			);
			path = Type;
			sourceTree = "<group>";
		};
		B64A206F1BC2A7AD00EBCD7D /* View */ = {
			isa = PBXGroup;
			children = (
				B64A20701BC2A7AD00EBCD7D /* PBBlurImageView.h */,
				B64A20711BC2A7AD00EBCD7D /* PBBlurImageView.m */,
				B64A20721BC2A7AD00EBCD7D /* PBPGView.h */,
				B64A20731BC2A7AD00EBCD7D /* PBPGView.m */,
				B64A20741BC2A7AD00EBCD7D /* PBSaveBtn.h */,
				B64A20751BC2A7AD00EBCD7D /* PBSaveBtn.m */,
				B64A20761BC2A7AD00EBCD7D /* PBScrollView.h */,
				B64A20771BC2A7AD00EBCD7D /* PBScrollView.m */,
				B64A20781BC2A7AD00EBCD7D /* PhotoImageView.h */,
				B64A20791BC2A7AD00EBCD7D /* PhotoImageView.m */,
				B64A207A1BC2A7AD00EBCD7D /* PhotoItemView.h */,
				B64A207B1BC2A7AD00EBCD7D /* PhotoItemView.m */,
				B64A207C1BC2A7AD00EBCD7D /* PhotoItemView.xib */,
			);
			path = View;
			sourceTree = "<group>";
		};
		B64A20801BC2A7AD00EBCD7D /* FrameWorks */ = {
			isa = PBXGroup;
			children = (
				B64A20811BC2A7AD00EBCD7D /* CoreArchive */,
				B64A20871BC2A7AD00EBCD7D /* CoreCategory */,
				B64A20B81BC2A7AD00EBCD7D /* CoreExtend */,
				B64A20BA1BC2A7AD00EBCD7D /* CoreSDWebImage */,
				B64A20E71BC2A7AD00EBCD7D /* CoreSVP */,
				B64A20F21BC2A7AD00EBCD7D /* LFRoundProgressView */,
			);
			path = FrameWorks;
			sourceTree = "<group>";
		};
		B64A20811BC2A7AD00EBCD7D /* CoreArchive */ = {
			isa = PBXGroup;
			children = (
				B64A20821BC2A7AD00EBCD7D /* Category */,
				B64A20851BC2A7AD00EBCD7D /* CoreArchive.h */,
				B64A20861BC2A7AD00EBCD7D /* CoreArchive.m */,
			);
			path = CoreArchive;
			sourceTree = "<group>";
		};
		B64A20821BC2A7AD00EBCD7D /* Category */ = {
			isa = PBXGroup;
			children = (
				B64A20831BC2A7AD00EBCD7D /* NSString+File.h */,
				B64A20841BC2A7AD00EBCD7D /* NSString+File.m */,
			);
			path = Category;
			sourceTree = "<group>";
		};
		B64A20871BC2A7AD00EBCD7D /* CoreCategory */ = {
			isa = PBXGroup;
			children = (
				B64A20881BC2A7AD00EBCD7D /* CALayer */,
				B64A208D1BC2A7AD00EBCD7D /* NSArray */,
				B64A20901BC2A7AD00EBCD7D /* NSDate */,
				B64A20931BC2A7AD00EBCD7D /* NSObject */,
				B64A20961BC2A7AD00EBCD7D /* NSString */,
				B64A209B1BC2A7AD00EBCD7D /* UIColor */,
				B64A209E1BC2A7AD00EBCD7D /* UIDevice */,
				B64A20A11BC2A7AD00EBCD7D /* UIFont */,
				B64A20A41BC2A7AD00EBCD7D /* UIImage */,
				B64A20AF1BC2A7AD00EBCD7D /* UITableViewCell */,
				B64A20B21BC2A7AD00EBCD7D /* UIView */,
				B64A20B51BC2A7AD00EBCD7D /* UIWindow */,
			);
			path = CoreCategory;
			sourceTree = "<group>";
		};
		B64A20881BC2A7AD00EBCD7D /* CALayer */ = {
			isa = PBXGroup;
			children = (
				B64A20891BC2A7AD00EBCD7D /* CALayer+Anim.h */,
				B64A208A1BC2A7AD00EBCD7D /* CALayer+Anim.m */,
				B64A208B1BC2A7AD00EBCD7D /* CALayer+Transition.h */,
				B64A208C1BC2A7AD00EBCD7D /* CALayer+Transition.m */,
			);
			path = CALayer;
			sourceTree = "<group>";
		};
		B64A208D1BC2A7AD00EBCD7D /* NSArray */ = {
			isa = PBXGroup;
			children = (
				B64A208E1BC2A7AD00EBCD7D /* NSArray+Extend.h */,
				B64A208F1BC2A7AD00EBCD7D /* NSArray+Extend.m */,
			);
			path = NSArray;
			sourceTree = "<group>";
		};
		B64A20901BC2A7AD00EBCD7D /* NSDate */ = {
			isa = PBXGroup;
			children = (
				B64A20911BC2A7AD00EBCD7D /* NSDate+Extend.h */,
				B64A20921BC2A7AD00EBCD7D /* NSDate+Extend.m */,
			);
			path = NSDate;
			sourceTree = "<group>";
		};
		B64A20931BC2A7AD00EBCD7D /* NSObject */ = {
			isa = PBXGroup;
			children = (
				B64A20941BC2A7AD00EBCD7D /* NSObject+Extend.h */,
				B64A20951BC2A7AD00EBCD7D /* NSObject+Extend.m */,
			);
			path = NSObject;
			sourceTree = "<group>";
		};
		B64A20961BC2A7AD00EBCD7D /* NSString */ = {
			isa = PBXGroup;
			children = (
				B64A20971BC2A7AD00EBCD7D /* NSString+Extend.h */,
				B64A20981BC2A7AD00EBCD7D /* NSString+Extend.m */,
				B64A20991BC2A7AD00EBCD7D /* NSString+Password.h */,
				B64A209A1BC2A7AD00EBCD7D /* NSString+Password.m */,
			);
			path = NSString;
			sourceTree = "<group>";
		};
		B64A209B1BC2A7AD00EBCD7D /* UIColor */ = {
			isa = PBXGroup;
			children = (
				B64A209C1BC2A7AD00EBCD7D /* UIColor+Extend.h */,
				B64A209D1BC2A7AD00EBCD7D /* UIColor+Extend.m */,
			);
			path = UIColor;
			sourceTree = "<group>";
		};
		B64A209E1BC2A7AD00EBCD7D /* UIDevice */ = {
			isa = PBXGroup;
			children = (
				B64A209F1BC2A7AD00EBCD7D /* UIDevice+Extend.h */,
				B64A20A01BC2A7AD00EBCD7D /* UIDevice+Extend.m */,
			);
			path = UIDevice;
			sourceTree = "<group>";
		};
		B64A20A11BC2A7AD00EBCD7D /* UIFont */ = {
			isa = PBXGroup;
			children = (
				B64A20A21BC2A7AD00EBCD7D /* UIFont+Extend.h */,
				B64A20A31BC2A7AD00EBCD7D /* UIFont+Extend.m */,
			);
			path = UIFont;
			sourceTree = "<group>";
		};
		B64A20A41BC2A7AD00EBCD7D /* UIImage */ = {
			isa = PBXGroup;
			children = (
				B64A20A51BC2A7AD00EBCD7D /* UIImage+Color.h */,
				B64A20A61BC2A7AD00EBCD7D /* UIImage+Color.m */,
				B64A20A71BC2A7AD00EBCD7D /* UIImage+Cut.h */,
				B64A20A81BC2A7AD00EBCD7D /* UIImage+Cut.m */,
				B64A20A91BC2A7AD00EBCD7D /* UIImage+Extend.h */,
				B64A20AA1BC2A7AD00EBCD7D /* UIImage+Extend.m */,
				B64A20AB1BC2A7AD00EBCD7D /* UIImage+FixOrientation.h */,
				B64A20AC1BC2A7AD00EBCD7D /* UIImage+FixOrientation.m */,
				B64A20AD1BC2A7AD00EBCD7D /* UIImage+Water.h */,
				B64A20AE1BC2A7AD00EBCD7D /* UIImage+Water.m */,
			);
			path = UIImage;
			sourceTree = "<group>";
		};
		B64A20AF1BC2A7AD00EBCD7D /* UITableViewCell */ = {
			isa = PBXGroup;
			children = (
				B64A20B01BC2A7AD00EBCD7D /* UITableViewCell+Extend.h */,
				B64A20B11BC2A7AD00EBCD7D /* UITableViewCell+Extend.m */,
			);
			path = UITableViewCell;
			sourceTree = "<group>";
		};
		B64A20B21BC2A7AD00EBCD7D /* UIView */ = {
			isa = PBXGroup;
			children = (
				B64A20B31BC2A7AD00EBCD7D /* UIView+Extend.h */,
				B64A20B41BC2A7AD00EBCD7D /* UIView+Extend.m */,
			);
			path = UIView;
			sourceTree = "<group>";
		};
		B64A20B51BC2A7AD00EBCD7D /* UIWindow */ = {
			isa = PBXGroup;
			children = (
				B64A20B61BC2A7AD00EBCD7D /* UIWindow+Launch.h */,
				B64A20B71BC2A7AD00EBCD7D /* UIWindow+Launch.m */,
			);
			path = UIWindow;
			sourceTree = "<group>";
		};
		B64A20B81BC2A7AD00EBCD7D /* CoreExtend */ = {
			isa = PBXGroup;
			children = (
				B64A20B91BC2A7AD00EBCD7D /* CoreConst.h */,
			);
			path = CoreExtend;
			sourceTree = "<group>";
		};
		B64A20BA1BC2A7AD00EBCD7D /* CoreSDWebImage */ = {
			isa = PBXGroup;
			children = (
				B64A20BB1BC2A7AD00EBCD7D /* Lib */,
				B64A20E31BC2A7AD00EBCD7D /* UIButton+SD.h */,
				B64A20E41BC2A7AD00EBCD7D /* UIButton+SD.m */,
				B64A20E51BC2A7AD00EBCD7D /* UIImageView+SD.h */,
				B64A20E61BC2A7AD00EBCD7D /* UIImageView+SD.m */,
			);
			path = CoreSDWebImage;
			sourceTree = "<group>";
		};
		B64A20BB1BC2A7AD00EBCD7D /* Lib */ = {
			isa = PBXGroup;
			children = (
				B64A20BC1BC2A7AD00EBCD7D /* Category */,
				B64A20BF1BC2A7AD00EBCD7D /* Resource */,
				B64A20C11BC2A7AD00EBCD7D /* SDWebImage */,
			);
			path = Lib;
			sourceTree = "<group>";
		};
		B64A20BC1BC2A7AD00EBCD7D /* Category */ = {
			isa = PBXGroup;
			children = (
				B64A20BD1BC2A7AD00EBCD7D /* UIImage+ReMake.h */,
				B64A20BE1BC2A7AD00EBCD7D /* UIImage+ReMake.m */,
			);
			path = Category;
			sourceTree = "<group>";
		};
		B64A20BF1BC2A7AD00EBCD7D /* Resource */ = {
			isa = PBXGroup;
			children = (
				B64A20C01BC2A7AD00EBCD7D /* CoreSDWebImage.bundle */,
			);
			path = Resource;
			sourceTree = "<group>";
		};
		B64A20C11BC2A7AD00EBCD7D /* SDWebImage */ = {
			isa = PBXGroup;
			children = (
				B64A20C21BC2A7AD00EBCD7D /* MKAnnotationView+WebCache.h */,
				B64A20C31BC2A7AD00EBCD7D /* MKAnnotationView+WebCache.m */,
				B64A20C41BC2A7AD00EBCD7D /* NSData+ImageContentType.h */,
				B64A20C51BC2A7AD00EBCD7D /* NSData+ImageContentType.m */,
				B64A20C61BC2A7AD00EBCD7D /* SDImageCache.h */,
				B64A20C71BC2A7AD00EBCD7D /* SDImageCache.m */,
				B64A20C81BC2A7AD00EBCD7D /* SDWebImageCompat.h */,
				B64A20C91BC2A7AD00EBCD7D /* SDWebImageCompat.m */,
				B64A20CA1BC2A7AD00EBCD7D /* SDWebImageDecoder.h */,
				B64A20CB1BC2A7AD00EBCD7D /* SDWebImageDecoder.m */,
				B64A20CC1BC2A7AD00EBCD7D /* SDWebImageDownloader.h */,
				B64A20CD1BC2A7AD00EBCD7D /* SDWebImageDownloader.m */,
				B64A20CE1BC2A7AD00EBCD7D /* SDWebImageDownloaderOperation.h */,
				B64A20CF1BC2A7AD00EBCD7D /* SDWebImageDownloaderOperation.m */,
				B64A20D01BC2A7AD00EBCD7D /* SDWebImageManager.h */,
				B64A20D11BC2A7AD00EBCD7D /* SDWebImageManager.m */,
				B64A20D21BC2A7AD00EBCD7D /* SDWebImageOperation.h */,
				B64A20D31BC2A7AD00EBCD7D /* SDWebImagePrefetcher.h */,
				B64A20D41BC2A7AD00EBCD7D /* SDWebImagePrefetcher.m */,
				B64A20D51BC2A7AD00EBCD7D /* UIButton+WebCache.h */,
				B64A20D61BC2A7AD00EBCD7D /* UIButton+WebCache.m */,
				B64A20D71BC2A7AD00EBCD7D /* UIImage+GIF.h */,
				B64A20D81BC2A7AD00EBCD7D /* UIImage+GIF.m */,
				B64A20D91BC2A7AD00EBCD7D /* UIImage+MultiFormat.h */,
				B64A20DA1BC2A7AD00EBCD7D /* UIImage+MultiFormat.m */,
				B64A20DB1BC2A7AD00EBCD7D /* UIImage+WebP.h */,
				B64A20DC1BC2A7AD00EBCD7D /* UIImage+WebP.m */,
				B64A20DD1BC2A7AD00EBCD7D /* UIImageView+HighlightedWebCache.h */,
				B64A20DE1BC2A7AD00EBCD7D /* UIImageView+HighlightedWebCache.m */,
				B64A20DF1BC2A7AD00EBCD7D /* UIImageView+WebCache.h */,
				B64A20E01BC2A7AD00EBCD7D /* UIImageView+WebCache.m */,
				B64A20E11BC2A7AD00EBCD7D /* UIView+WebCacheOperation.h */,
				B64A20E21BC2A7AD00EBCD7D /* UIView+WebCacheOperation.m */,
			);
			path = SDWebImage;
			sourceTree = "<group>";
		};
		B64A20E71BC2A7AD00EBCD7D /* CoreSVP */ = {
			isa = PBXGroup;
			children = (
				B64A20E81BC2A7AD00EBCD7D /* CoreSVP.bundle */,
				B64A20E91BC2A7AD00EBCD7D /* CoreSVP.h */,
				B64A20EA1BC2A7AD00EBCD7D /* CoreSVP.m */,
				B64A20EB1BC2A7AD00EBCD7D /* SVProgressHUD */,
			);
			path = CoreSVP;
			sourceTree = "<group>";
		};
		B64A20EB1BC2A7AD00EBCD7D /* SVProgressHUD */ = {
			isa = PBXGroup;
			children = (
				B64A20EC1BC2A7AD00EBCD7D /* SVIndefiniteAnimatedView.h */,
				B64A20ED1BC2A7AD00EBCD7D /* SVIndefiniteAnimatedView.m */,
				B64A20EE1BC2A7AD00EBCD7D /* SVProgressHUD-Prefix.pch */,
				B64A20EF1BC2A7AD00EBCD7D /* SVProgressHUD.bundle */,
				B64A20F01BC2A7AD00EBCD7D /* SVProgressHUD.h */,
				B64A20F11BC2A7AD00EBCD7D /* SVProgressHUD.m */,
			);
			path = SVProgressHUD;
			sourceTree = "<group>";
		};
		B64A20F21BC2A7AD00EBCD7D /* LFRoundProgressView */ = {
			isa = PBXGroup;
			children = (
				B64A20F31BC2A7AD00EBCD7D /* LFRoundProgressView.h */,
				B64A20F41BC2A7AD00EBCD7D /* LFRoundProgressView.m */,
			);
			path = LFRoundProgressView;
			sourceTree = "<group>";
		};
		B67438441BBD6B250005DD56 = {
			isa = PBXGroup;
			children = (
				B674384F1BBD6B250005DD56 /* reminder */,
				B674384E1BBD6B250005DD56 /* Products */,
			);
			sourceTree = "<group>";
		};
		B674384E1BBD6B250005DD56 /* Products */ = {
			isa = PBXGroup;
			children = (
				B674384D1BBD6B250005DD56 /* reminder.app */,
			);
			name = Products;
			sourceTree = "<group>";
		};
		B674384F1BBD6B250005DD56 /* reminder */ = {
			isa = PBXGroup;
			children = (
				B67F4E051BC52F9C003A8014 /* base */,
				B64A205C1BC2A7AD00EBCD7D /* vendors */,
				B6EA42031BC2167500E1DAF5 /* resources */,
				B66CB4101BC23DC60012AF18 /* MainViewController.h */,
				B66CB4111BC23DC60012AF18 /* MainViewController.m */,
				B66CB4381BC2441D0012AF18 /* MainViewController.xib */,
				B67438531BBD6B250005DD56 /* AppDelegate.h */,
				B67438541BBD6B250005DD56 /* AppDelegate.m */,
				B6492B601BC3641900122010 /* reminderNavigationBar.h */,
				B6492B611BC3641900122010 /* reminderNavigationBar.m */,
				B674386F1BBD6E5E0005DD56 /* ReminderManager.h */,
				B67438701BBD6E5E0005DD56 /* ReminderManager.m */,
				B67438751BBD6F2C0005DD56 /* EventItem.h */,
				B67438761BBD6F2C0005DD56 /* EventItem.m */,
				B67438781BBD7F920005DD56 /* EditViewController.h */,
				B67438791BBD7F920005DD56 /* EditViewController.m */,
				B674387A1BBD7F920005DD56 /* EditViewController.xib */,
				B6DF03B31BBE4ACB00D8C9EF /* ReminderViewController.h */,
				B6DF03B41BBE4ACB00D8C9EF /* ReminderViewController.m */,
				B690EF801BC29327007F2A68 /* ReminderViewController.xib */,
				B620FED01BBFAB7900528177 /* SettingViewController.h */,
				B620FED11BBFAB7900528177 /* SettingViewController.m */,
				B620FED21BBFAB7900528177 /* SettingViewController.xib */,
				B67F4E021BC529E4003A8014 /* ReminderTableViewCell.h */,
				B67F4E031BC529E4003A8014 /* ReminderTableViewCell.m */,
				B66C13BF1BBFCDCB007DE660 /* Images.xcassets */,
				B67438501BBD6B250005DD56 /* Supporting Files */,
			);
			path = reminder;
			sourceTree = "<group>";
		};
		B67438501BBD6B250005DD56 /* Supporting Files */ = {
			isa = PBXGroup;
			children = (
				B67438611BBD6B250005DD56 /* Info.plist */,
				B6B13A4D1BBE1CE4004BBE32 /* Default-568h@2x.png */,
				B67438511BBD6B250005DD56 /* main.m */,
			);
			name = "Supporting Files";
			sourceTree = "<group>";
		};
		B67F4E051BC52F9C003A8014 /* base */ = {
			isa = PBXGroup;
			children = (
				B67F4E061BC52F9C003A8014 /* CommonResources.h */,
				B67F4E071BC52FCE003A8014 /* NotificationNames.h */,
				B67F4E081BC53014003A8014 /* common.h */,
			);
			name = base;
			path = resources/base;
			sourceTree = "<group>";
		};
		B6EA42031BC2167500E1DAF5 /* resources */ = {
			isa = PBXGroup;
			children = (
				B66C13B91BBFCD73007DE660 /* icon@2x.png */,
				B66C13BD1BBFCDA4007DE660 /* icon@3x.png */,
				B64A20591BC2A0C000EBCD7D /* save.png */,
				B66CB4081BC236E30012AF18 /* right.png */,
				B66CB4091BC236E30012AF18 /* right@2x.png */,
				B66CB40A1BC236E30012AF18 /* right@3x.png */,
				B6EA42041BC2167500E1DAF5 /* add_video.png */,
				B6EA42051BC2167500E1DAF5 /* add_video@2x.png */,
				B6EA42061BC2167500E1DAF5 /* add_video@3x.png */,
				B6EA42071BC2167500E1DAF5 /* back2.png */,
				B6EA42081BC2167500E1DAF5 /* back2@2x.png */,
				B6EA42091BC2167500E1DAF5 /* back2@3x.png */,
				B6EA420A1BC2167500E1DAF5 /* common_close.png */,
				B6EA420B1BC2167500E1DAF5 /* common_close@2x.png */,
				B6EA420C1BC2167500E1DAF5 /* common_close@3x.png */,
				B6EA420D1BC2167500E1DAF5 /* list_delete.png */,
				B6EA420E1BC2167500E1DAF5 /* list_delete@2x.png */,
				B6EA420F1BC2167500E1DAF5 /* list_delete@3x.png */,
				B6EA42101BC2167500E1DAF5 /* list_edit.png */,
				B6EA42111BC2167500E1DAF5 /* list_edit@2x.png */,
				B6EA42121BC2167500E1DAF5 /* list_edit@3x.png */,
				B6EA42131BC2167500E1DAF5 /* list_list.png */,
				B6EA42141BC2167500E1DAF5 /* list_list@2x.png */,
				B6EA42151BC2167500E1DAF5 /* list_list@3x.png */,
				B6EA42161BC2167500E1DAF5 /* list_more.png */,
				B6EA42171BC2167500E1DAF5 /* list_more@2x.png */,
				B6EA42181BC2167500E1DAF5 /* list_more@3x.png */,
				B6EA42191BC2167500E1DAF5 /* list_setting.png */,
				B6EA421A1BC2167500E1DAF5 /* list_setting@2x.png */,
				B6EA421B1BC2167500E1DAF5 /* list_setting@3x.png */,
				B6EA421C1BC2167500E1DAF5 /* record_photo.png */,
				B6EA421D1BC2167500E1DAF5 /* record_photo@2x.png */,
				B6EA421E1BC2167500E1DAF5 /* record_photo@3x.png */,
				B6EA421F1BC2167500E1DAF5 /* red_delete.png */,
				B6EA42201BC2167500E1DAF5 /* red_delete@2x.png */,
				B6EA42211BC2167500E1DAF5 /* red_delete@3x.png */,
			);
			path = resources;
			sourceTree = "<group>";
		};
/* End PBXGroup section */

/* Begin PBXNativeTarget section */
		B674384C1BBD6B250005DD56 /* reminder */ = {
			isa = PBXNativeTarget;
			buildConfigurationList = B67438641BBD6B250005DD56 /* Build configuration list for PBXNativeTarget "reminder" */;
			buildPhases = (
				B67438491BBD6B250005DD56 /* Sources */,
				B674384A1BBD6B250005DD56 /* Frameworks */,
				B674384B1BBD6B250005DD56 /* Resources */,
			);
			buildRules = (
			);
			dependencies = (
			);
			name = reminder;
			productName = reminder;
			productReference = B674384D1BBD6B250005DD56 /* reminder.app */;
			productType = "com.apple.product-type.application";
		};
/* End PBXNativeTarget section */

/* Begin PBXProject section */
		B67438451BBD6B250005DD56 /* Project object */ = {
			isa = PBXProject;
			attributes = {
				LastUpgradeCheck = 0700;
				ORGANIZATIONNAME = WangSiyu;
				TargetAttributes = {
					B674384C1BBD6B250005DD56 = {
						CreatedOnToolsVersion = 7.0;
						DevelopmentTeam = 9TD5C77UVP;
					};
				};
			};
			buildConfigurationList = B67438481BBD6B250005DD56 /* Build configuration list for PBXProject "reminder" */;
			compatibilityVersion = "Xcode 6.3";
			developmentRegion = English;
			hasScannedForEncodings = 0;
			knownRegions = (
				en,
				Base,
			);
			mainGroup = B67438441BBD6B250005DD56;
			productRefGroup = B674384E1BBD6B250005DD56 /* Products */;
			projectDirPath = "";
			projectRoot = "";
			targets = (
				B674384C1BBD6B250005DD56 /* reminder */,
			);
		};
/* End PBXProject section */

/* Begin PBXResourcesBuildPhase section */
		B674384B1BBD6B250005DD56 /* Resources */ = {
			isa = PBXResourcesBuildPhase;
			buildActionMask = 2147483647;
			files = (
				B64A212E1BC2A7AD00EBCD7D /* SVProgressHUD.bundle in Resources */,
				B66C13BB1BBFCD73007DE660 /* icon@2x.png in Resources */,
				B6EA422A1BC2167500E1DAF5 /* common_close@3x.png in Resources */,
				B6EA422D1BC2167500E1DAF5 /* list_delete@3x.png in Resources */,
				B64A20F91BC2A7AD00EBCD7D /* PB.bundle in Resources */,
				B6EA42351BC2167500E1DAF5 /* list_more@2x.png in Resources */,
				B66C13C01BBFCDCB007DE660 /* Images.xcassets in Resources */,
				B6EA42361BC2167500E1DAF5 /* list_more@3x.png in Resources */,
				B620FED41BBFAB7900528177 /* SettingViewController.xib in Resources */,
				B6EA42261BC2167500E1DAF5 /* back2@2x.png in Resources */,
				B6EA42251BC2167500E1DAF5 /* back2.png in Resources */,
				B6EA42281BC2167500E1DAF5 /* common_close.png in Resources */,
				B6EA423C1BC2167500E1DAF5 /* record_photo@3x.png in Resources */,
				B6EA42391BC2167500E1DAF5 /* list_setting@3x.png in Resources */,
				B6EA422C1BC2167500E1DAF5 /* list_delete@2x.png in Resources */,
				B66C13BE1BBFCDA4007DE660 /* icon@3x.png in Resources */,
				B6EA422B1BC2167500E1DAF5 /* list_delete.png in Resources */,
				B6EA423A1BC2167500E1DAF5 /* record_photo.png in Resources */,
				B690EF811BC29327007F2A68 /* ReminderViewController.xib in Resources */,
				B6EA42231BC2167500E1DAF5 /* add_video@2x.png in Resources */,
				B66CB4391BC2441D0012AF18 /* MainViewController.xib in Resources */,
				B64A21001BC2A7AD00EBCD7D /* PhotoItemView.xib in Resources */,
				B6EA42371BC2167500E1DAF5 /* list_setting.png in Resources */,
				B6EA423D1BC2167500E1DAF5 /* red_delete.png in Resources */,
				B6EA42271BC2167500E1DAF5 /* back2@3x.png in Resources */,
				B6EA42221BC2167500E1DAF5 /* add_video.png in Resources */,
				B6EA422F1BC2167500E1DAF5 /* list_edit@2x.png in Resources */,
				B6EA423F1BC2167500E1DAF5 /* red_delete@3x.png in Resources */,
				B6EA42311BC2167500E1DAF5 /* list_list.png in Resources */,
				B64A21181BC2A7AD00EBCD7D /* CoreSDWebImage.bundle in Resources */,
				B6EA42381BC2167500E1DAF5 /* list_setting@2x.png in Resources */,
				B6EA42321BC2167500E1DAF5 /* list_list@2x.png in Resources */,
				B64A205A1BC2A0C000EBCD7D /* save.png in Resources */,
				B6B13A4E1BBE1CE4004BBE32 /* Default-568h@2x.png in Resources */,
				B66CB40C1BC236E30012AF18 /* right@2x.png in Resources */,
				B6EA42241BC2167500E1DAF5 /* add_video@3x.png in Resources */,
				B6EA423E1BC2167500E1DAF5 /* red_delete@2x.png in Resources */,
				B6EA42301BC2167500E1DAF5 /* list_edit@3x.png in Resources */,
				B66CB40D1BC236E30012AF18 /* right@3x.png in Resources */,
				B6EA423B1BC2167500E1DAF5 /* record_photo@2x.png in Resources */,
				B66CB40B1BC236E30012AF18 /* right.png in Resources */,
				B64A212B1BC2A7AD00EBCD7D /* CoreSVP.bundle in Resources */,
				B674387C1BBD7F920005DD56 /* EditViewController.xib in Resources */,
				B6EA42291BC2167500E1DAF5 /* common_close@2x.png in Resources */,
				B64A21021BC2A7AD00EBCD7D /* PhotoBroswerVC.xib in Resources */,
				B6EA422E1BC2167500E1DAF5 /* list_edit.png in Resources */,
				B6EA42341BC2167500E1DAF5 /* list_more.png in Resources */,
				B6EA42331BC2167500E1DAF5 /* list_list@3x.png in Resources */,
			);
			runOnlyForDeploymentPostprocessing = 0;
		};
/* End PBXResourcesBuildPhase section */

/* Begin PBXSourcesBuildPhase section */
		B67438491BBD6B250005DD56 /* Sources */ = {
			isa = PBXSourcesBuildPhase;
			buildActionMask = 2147483647;
			files = (
				B64A20FD1BC2A7AD00EBCD7D /* PBScrollView.m in Sources */,
				B64A21251BC2A7AD00EBCD7D /* UIImage+WebP.m in Sources */,
				B64A21221BC2A7AD00EBCD7D /* UIButton+WebCache.m in Sources */,
				B64A20F51BC2A7AD00EBCD7D /* UIView+PBExtend.m in Sources */,
				B64A21111BC2A7AD00EBCD7D /* UIImage+Extend.m in Sources */,
				B64A212D1BC2A7AD00EBCD7D /* SVIndefiniteAnimatedView.m in Sources */,
				B64A210D1BC2A7AD00EBCD7D /* UIDevice+Extend.m in Sources */,
				B64A21051BC2A7AD00EBCD7D /* CALayer+Anim.m in Sources */,
				B67438771BBD6F2C0005DD56 /* EventItem.m in Sources */,
				B64A21301BC2A7AD00EBCD7D /* LFRoundProgressView.m in Sources */,
				B64A20FF1BC2A7AD00EBCD7D /* PhotoItemView.m in Sources */,
				B64A211B1BC2A7AD00EBCD7D /* SDImageCache.m in Sources */,
				B64A21131BC2A7AD00EBCD7D /* UIImage+Water.m in Sources */,
				B64A211A1BC2A7AD00EBCD7D /* NSData+ImageContentType.m in Sources */,
				B64A212A1BC2A7AD00EBCD7D /* UIImageView+SD.m in Sources */,
				B67438711BBD6E5E0005DD56 /* ReminderManager.m in Sources */,
				B64A20FB1BC2A7AD00EBCD7D /* PBPGView.m in Sources */,
				B64A21171BC2A7AD00EBCD7D /* UIImage+ReMake.m in Sources */,
				B64A21191BC2A7AD00EBCD7D /* MKAnnotationView+WebCache.m in Sources */,
				B67438551BBD6B250005DD56 /* AppDelegate.m in Sources */,
				B64A21121BC2A7AD00EBCD7D /* UIImage+FixOrientation.m in Sources */,
				B64A21291BC2A7AD00EBCD7D /* UIButton+SD.m in Sources */,
				B64A21271BC2A7AD00EBCD7D /* UIImageView+WebCache.m in Sources */,
				B6492B621BC3641900122010 /* reminderNavigationBar.m in Sources */,
				B64A21041BC2A7AD00EBCD7D /* CoreArchive.m in Sources */,
				B66CB4131BC23DC60012AF18 /* MainViewController.m in Sources */,
				B64A211F1BC2A7AD00EBCD7D /* SDWebImageDownloaderOperation.m in Sources */,
				B6DF03B61BBE4ACB00D8C9EF /* ReminderViewController.m in Sources */,
				B64A210A1BC2A7AD00EBCD7D /* NSString+Extend.m in Sources */,
				B64A21161BC2A7AD00EBCD7D /* UIWindow+Launch.m in Sources */,
				B64A21151BC2A7AD00EBCD7D /* UIView+Extend.m in Sources */,
				B64A212F1BC2A7AD00EBCD7D /* SVProgressHUD.m in Sources */,
				B64A211C1BC2A7AD00EBCD7D /* SDWebImageCompat.m in Sources */,
				B64A21231BC2A7AD00EBCD7D /* UIImage+GIF.m in Sources */,
				B64A21261BC2A7AD00EBCD7D /* UIImageView+HighlightedWebCache.m in Sources */,
				B64A21031BC2A7AD00EBCD7D /* NSString+File.m in Sources */,
				B64A21241BC2A7AD00EBCD7D /* UIImage+MultiFormat.m in Sources */,
				B64A20F71BC2A7AD00EBCD7D /* PhotoBroswerLayout.m in Sources */,
				B64A21141BC2A7AD00EBCD7D /* UITableViewCell+Extend.m in Sources */,
				B64A21081BC2A7AD00EBCD7D /* NSDate+Extend.m in Sources */,
				B64A21201BC2A7AD00EBCD7D /* SDWebImageManager.m in Sources */,
				B64A211D1BC2A7AD00EBCD7D /* SDWebImageDecoder.m in Sources */,
				B674387B1BBD7F920005DD56 /* EditViewController.m in Sources */,
				B67F4E041BC529E4003A8014 /* ReminderTableViewCell.m in Sources */,
				B64A210E1BC2A7AD00EBCD7D /* UIFont+Extend.m in Sources */,
				B64A20FA1BC2A7AD00EBCD7D /* PBBlurImageView.m in Sources */,
				B64A21101BC2A7AD00EBCD7D /* UIImage+Cut.m in Sources */,
				B64A210B1BC2A7AD00EBCD7D /* NSString+Password.m in Sources */,
				B64A211E1BC2A7AD00EBCD7D /* SDWebImageDownloader.m in Sources */,
				B64A21281BC2A7AD00EBCD7D /* UIView+WebCacheOperation.m in Sources */,
				B64A212C1BC2A7AD00EBCD7D /* CoreSVP.m in Sources */,
				B64A20FC1BC2A7AD00EBCD7D /* PBSaveBtn.m in Sources */,
				B64A20FE1BC2A7AD00EBCD7D /* PhotoImageView.m in Sources */,
				B64A21071BC2A7AD00EBCD7D /* NSArray+Extend.m in Sources */,
				B67438521BBD6B250005DD56 /* main.m in Sources */,
				B64A21211BC2A7AD00EBCD7D /* SDWebImagePrefetcher.m in Sources */,
				B64A21091BC2A7AD00EBCD7D /* NSObject+Extend.m in Sources */,
				B64A20F81BC2A7AD00EBCD7D /* PhotoModel.m in Sources */,
				B64A210C1BC2A7AD00EBCD7D /* UIColor+Extend.m in Sources */,
				B64A20F61BC2A7AD00EBCD7D /* PBConst.m in Sources */,
				B64A21011BC2A7AD00EBCD7D /* PhotoBroswerVC.m in Sources */,
				B64A210F1BC2A7AD00EBCD7D /* UIImage+Color.m in Sources */,
				B64A21061BC2A7AD00EBCD7D /* CALayer+Transition.m in Sources */,
				B620FED31BBFAB7900528177 /* SettingViewController.m in Sources */,
			);
			runOnlyForDeploymentPostprocessing = 0;
		};
/* End PBXSourcesBuildPhase section */

/* Begin XCBuildConfiguration section */
		B67438621BBD6B250005DD56 /* Debug */ = {
			isa = XCBuildConfiguration;
			buildSettings = {
				ALWAYS_SEARCH_USER_PATHS = NO;
				CLANG_CXX_LANGUAGE_STANDARD = "gnu++0x";
				CLANG_CXX_LIBRARY = "libc++";
				CLANG_ENABLE_MODULES = YES;
				CLANG_ENABLE_OBJC_ARC = YES;
				CLANG_WARN_BOOL_CONVERSION = YES;
				CLANG_WARN_CONSTANT_CONVERSION = YES;
				CLANG_WARN_DIRECT_OBJC_ISA_USAGE = YES_ERROR;
				CLANG_WARN_EMPTY_BODY = YES;
				CLANG_WARN_ENUM_CONVERSION = YES;
				CLANG_WARN_INT_CONVERSION = YES;
				CLANG_WARN_OBJC_ROOT_CLASS = YES_ERROR;
				CLANG_WARN_UNREACHABLE_CODE = YES;
				CLANG_WARN__DUPLICATE_METHOD_MATCH = YES;
				"CODE_SIGN_IDENTITY[sdk=iphoneos*]" = "iPhone Developer";
				COPY_PHASE_STRIP = NO;
				DEBUG_INFORMATION_FORMAT = dwarf;
				ENABLE_STRICT_OBJC_MSGSEND = YES;
				ENABLE_TESTABILITY = YES;
				GCC_C_LANGUAGE_STANDARD = gnu99;
				GCC_DYNAMIC_NO_PIC = NO;
				GCC_NO_COMMON_BLOCKS = YES;
				GCC_OPTIMIZATION_LEVEL = 0;
				GCC_PREPROCESSOR_DEFINITIONS = (
					"DEBUG=1",
					"$(inherited)",
				);
				GCC_WARN_64_TO_32_BIT_CONVERSION = YES;
				GCC_WARN_ABOUT_RETURN_TYPE = YES_ERROR;
				GCC_WARN_UNDECLARED_SELECTOR = YES;
				GCC_WARN_UNINITIALIZED_AUTOS = YES_AGGRESSIVE;
				GCC_WARN_UNUSED_FUNCTION = YES;
				GCC_WARN_UNUSED_VARIABLE = YES;
				IPHONEOS_DEPLOYMENT_TARGET = 9.0;
				MTL_ENABLE_DEBUG_INFO = YES;
				ONLY_ACTIVE_ARCH = YES;
				SDKROOT = iphoneos;
				TARGETED_DEVICE_FAMILY = "1,2";
			};
			name = Debug;
		};
		B67438631BBD6B250005DD56 /* Release */ = {
			isa = XCBuildConfiguration;
			buildSettings = {
				ALWAYS_SEARCH_USER_PATHS = NO;
				CLANG_CXX_LANGUAGE_STANDARD = "gnu++0x";
				CLANG_CXX_LIBRARY = "libc++";
				CLANG_ENABLE_MODULES = YES;
				CLANG_ENABLE_OBJC_ARC = YES;
				CLANG_WARN_BOOL_CONVERSION = YES;
				CLANG_WARN_CONSTANT_CONVERSION = YES;
				CLANG_WARN_DIRECT_OBJC_ISA_USAGE = YES_ERROR;
				CLANG_WARN_EMPTY_BODY = YES;
				CLANG_WARN_ENUM_CONVERSION = YES;
				CLANG_WARN_INT_CONVERSION = YES;
				CLANG_WARN_OBJC_ROOT_CLASS = YES_ERROR;
				CLANG_WARN_UNREACHABLE_CODE = YES;
				CLANG_WARN__DUPLICATE_METHOD_MATCH = YES;
				"CODE_SIGN_IDENTITY[sdk=iphoneos*]" = "iPhone Developer";
				COPY_PHASE_STRIP = NO;
				DEBUG_INFORMATION_FORMAT = "dwarf-with-dsym";
				ENABLE_NS_ASSERTIONS = NO;
				ENABLE_STRICT_OBJC_MSGSEND = YES;
				GCC_C_LANGUAGE_STANDARD = gnu99;
				GCC_NO_COMMON_BLOCKS = YES;
				GCC_WARN_64_TO_32_BIT_CONVERSION = YES;
				GCC_WARN_ABOUT_RETURN_TYPE = YES_ERROR;
				GCC_WARN_UNDECLARED_SELECTOR = YES;
				GCC_WARN_UNINITIALIZED_AUTOS = YES_AGGRESSIVE;
				GCC_WARN_UNUSED_FUNCTION = YES;
				GCC_WARN_UNUSED_VARIABLE = YES;
				IPHONEOS_DEPLOYMENT_TARGET = 9.0;
				MTL_ENABLE_DEBUG_INFO = NO;
				SDKROOT = iphoneos;
				TARGETED_DEVICE_FAMILY = "1,2";
				VALIDATE_PRODUCT = YES;
			};
			name = Release;
		};
		B67438651BBD6B250005DD56 /* Debug */ = {
			isa = XCBuildConfiguration;
			buildSettings = {
				ASSETCATALOG_COMPILER_APPICON_NAME = AppIcon;
				CODE_SIGN_IDENTITY = "iPhone Developer";
				INFOPLIST_FILE = reminder/Info.plist;
				IPHONEOS_DEPLOYMENT_TARGET = 7.0;
				LD_RUNPATH_SEARCH_PATHS = "$(inherited) @executable_path/Frameworks";
				PRODUCT_BUNDLE_IDENTIFIER = seen.reminder;
				PRODUCT_NAME = "$(TARGET_NAME)";
				TARGETED_DEVICE_FAMILY = 1;
			};
			name = Debug;
		};
		B67438661BBD6B250005DD56 /* Release */ = {
			isa = XCBuildConfiguration;
			buildSettings = {
				ASSETCATALOG_COMPILER_APPICON_NAME = AppIcon;
				CODE_SIGN_IDENTITY = "iPhone Developer";
				INFOPLIST_FILE = reminder/Info.plist;
				IPHONEOS_DEPLOYMENT_TARGET = 7.0;
				LD_RUNPATH_SEARCH_PATHS = "$(inherited) @executable_path/Frameworks";
				PRODUCT_BUNDLE_IDENTIFIER = seen.reminder;
				PRODUCT_NAME = "$(TARGET_NAME)";
				TARGETED_DEVICE_FAMILY = 1;
			};
			name = Release;
		};
/* End XCBuildConfiguration section */

/* Begin XCConfigurationList section */
		B67438481BBD6B250005DD56 /* Build configuration list for PBXProject "reminder" */ = {
			isa = XCConfigurationList;
			buildConfigurations = (
				B67438621BBD6B250005DD56 /* Debug */,
				B67438631BBD6B250005DD56 /* Release */,
			);
			defaultConfigurationIsVisible = 0;
			defaultConfigurationName = Release;
		};
		B67438641BBD6B250005DD56 /* Build configuration list for PBXNativeTarget "reminder" */ = {
			isa = XCConfigurationList;
			buildConfigurations = (
				B67438651BBD6B250005DD56 /* Debug */,
				B67438661BBD6B250005DD56 /* Release */,
			);
			defaultConfigurationIsVisible = 0;
			defaultConfigurationName = Release;
		};
/* End XCConfigurationList section */
	};
	rootObject = B67438451BBD6B250005DD56 /* Project object */;
}
